
Microsoft Visual Studio Solution File, Format Version 12.00
# Visual Studio Version 17
VisualStudioVersion = 17.3.32929.385
MinimumVisualStudioVersion = 10.0.40219.1
Project("{FAE04EC0-301F-11D3-BF4B-00C04F79EFBC}") = "02. Knights of Honor", "02. Knights of Honor.csproj", "{651084CE-61DC-4FC5-AA1B-C1249D565E3C}"
EndProject
Global
	GlobalSection(SolutionConfigurationPlatforms) = preSolution
		Debug|Any CPU = Debug|Any CPU
		Release|Any CPU = Release|Any CPU
	EndGlobalSection
	GlobalSection(ProjectConfigurationPlatforms) = postSolution
		{651084CE-61DC-4FC5-AA1B-C1249D565E3C}.Debug|Any CPU.ActiveCfg = Debug|Any CPU
		{651084CE-61DC-4FC5-AA1B-C1249D565E3C}.Debug|Any CPU.Build.0 = Debug|Any CPU
		{651084CE-61DC-4FC5-AA1B-C1249D565E3C}.Release|Any CPU.ActiveCfg = Release|Any CPU
		{651084CE-61DC-4FC5-AA1B-C1249D565E3C}.Release|Any CPU.Build.0 = Release|Any CPU
	EndGlobalSection
	GlobalSection(SolutionProperties) = preSolution
		HideSolutionNode = FALSE
	EndGlobalSection
	GlobalSection(ExtensibilityGlobals) = postSolution
		SolutionGuid = {E92D39EA-D6CB-4102-A178-75539B6790C7}
	EndGlobalSection
EndGlobal
