
Microsoft Visual Studio Solution File, Format Version 12.00
# Visual Studio Version 17
VisualStudioVersion = 17.3.32929.385
MinimumVisualStudioVersion = 10.0.40219.1
Project("{FAE04EC0-301F-11D3-BF4B-00C04F79EFBC}") = "06. Calculate Rectangle Area", "06. Calculate Rectangle Area.csproj", "{B1FEA050-FD4C-4BD8-A064-BE99FF45EF84}"
EndProject
Global
	GlobalSection(SolutionConfigurationPlatforms) = preSolution
		Debug|Any CPU = Debug|Any CPU
		Release|Any CPU = Release|Any CPU
	EndGlobalSection
	GlobalSection(ProjectConfigurationPlatforms) = postSolution
		{B1FEA050-FD4C-4BD8-A064-BE99FF45EF84}.Debug|Any CPU.ActiveCfg = Debug|Any CPU
		{B1FEA050-FD4C-4BD8-A064-BE99FF45EF84}.Debug|Any CPU.Build.0 = Debug|Any CPU
		{B1FEA050-FD4C-4BD8-A064-BE99FF45EF84}.Release|Any CPU.ActiveCfg = Release|Any CPU
		{B1FEA050-FD4C-4BD8-A064-BE99FF45EF84}.Release|Any CPU.Build.0 = Release|Any CPU
	EndGlobalSection
	GlobalSection(SolutionProperties) = preSolution
		HideSolutionNode = FALSE
	EndGlobalSection
	GlobalSection(ExtensibilityGlobals) = postSolution
		SolutionGuid = {082FABBA-BC43-4460-AE22-F3FFBBB75781}
	EndGlobalSection
EndGlobal
