
Microsoft Visual Studio Solution File, Format Version 12.00
# Visual Studio Version 17
VisualStudioVersion = 17.3.32929.385
MinimumVisualStudioVersion = 10.0.40219.1
Project("{FAE04EC0-301F-11D3-BF4B-00C04F79EFBC}") = "Logger.ConsoleApp", "Logger.ConsoleApp.csproj", "{8317829A-EBE0-4C72-9475-C490B8B11DBB}"
EndProject
Project("{FAE04EC0-301F-11D3-BF4B-00C04F79EFBC}") = "SoftUniLogger", "..\SoftUniLogger\SoftUniLogger.csproj", "{1C149812-3EAB-4F5A-B556-59E04D3C781D}"
EndProject
Global
	GlobalSection(SolutionConfigurationPlatforms) = preSolution
		Debug|Any CPU = Debug|Any CPU
		Release|Any CPU = Release|Any CPU
	EndGlobalSection
	GlobalSection(ProjectConfigurationPlatforms) = postSolution
		{8317829A-EBE0-4C72-9475-C490B8B11DBB}.Debug|Any CPU.ActiveCfg = Debug|Any CPU
		{8317829A-EBE0-4C72-9475-C490B8B11DBB}.Debug|Any CPU.Build.0 = Debug|Any CPU
		{8317829A-EBE0-4C72-9475-C490B8B11DBB}.Release|Any CPU.ActiveCfg = Release|Any CPU
		{8317829A-EBE0-4C72-9475-C490B8B11DBB}.Release|Any CPU.Build.0 = Release|Any CPU
		{1C149812-3EAB-4F5A-B556-59E04D3C781D}.Debug|Any CPU.ActiveCfg = Debug|Any CPU
		{1C149812-3EAB-4F5A-B556-59E04D3C781D}.Debug|Any CPU.Build.0 = Debug|Any CPU
		{1C149812-3EAB-4F5A-B556-59E04D3C781D}.Release|Any CPU.ActiveCfg = Release|Any CPU
		{1C149812-3EAB-4F5A-B556-59E04D3C781D}.Release|Any CPU.Build.0 = Release|Any CPU
	EndGlobalSection
	GlobalSection(SolutionProperties) = preSolution
		HideSolutionNode = FALSE
	EndGlobalSection
	GlobalSection(ExtensibilityGlobals) = postSolution
		SolutionGuid = {39EF5709-52E7-4CF2-9F4B-2750FA560839}
	EndGlobalSection
EndGlobal
