
Microsoft Visual Studio Solution File, Format Version 12.00
# Visual Studio Version 17
VisualStudioVersion = 17.3.32929.385
MinimumVisualStudioVersion = 10.0.40219.1
Project("{FAE04EC0-301F-11D3-BF4B-00C04F79EFBC}") = "07. Parking Lot", "07. Parking Lot.csproj", "{DD7257F5-A4E7-45E5-AFE0-1318E04B32E7}"
EndProject
Global
	GlobalSection(SolutionConfigurationPlatforms) = preSolution
		Debug|Any CPU = Debug|Any CPU
		Release|Any CPU = Release|Any CPU
	EndGlobalSection
	GlobalSection(ProjectConfigurationPlatforms) = postSolution
		{DD7257F5-A4E7-45E5-AFE0-1318E04B32E7}.Debug|Any CPU.ActiveCfg = Debug|Any CPU
		{DD7257F5-A4E7-45E5-AFE0-1318E04B32E7}.Debug|Any CPU.Build.0 = Debug|Any CPU
		{DD7257F5-A4E7-45E5-AFE0-1318E04B32E7}.Release|Any CPU.ActiveCfg = Release|Any CPU
		{DD7257F5-A4E7-45E5-AFE0-1318E04B32E7}.Release|Any CPU.Build.0 = Release|Any CPU
	EndGlobalSection
	GlobalSection(SolutionProperties) = preSolution
		HideSolutionNode = FALSE
	EndGlobalSection
	GlobalSection(ExtensibilityGlobals) = postSolution
		SolutionGuid = {C189C737-9273-4440-82CC-68BA76C0D8AA}
	EndGlobalSection
EndGlobal
