
Microsoft Visual Studio Solution File, Format Version 12.00
# Visual Studio Version 17
VisualStudioVersion = 17.3.32929.385
MinimumVisualStudioVersion = 10.0.40219.1
Project("{FAE04EC0-301F-11D3-BF4B-00C04F79EFBC}") = "02. A Miner Task", "02. A Miner Task.csproj", "{CC1324EF-26E6-4E77-8948-BBA5B70F6B20}"
EndProject
Global
	GlobalSection(SolutionConfigurationPlatforms) = preSolution
		Debug|Any CPU = Debug|Any CPU
		Release|Any CPU = Release|Any CPU
	EndGlobalSection
	GlobalSection(ProjectConfigurationPlatforms) = postSolution
		{CC1324EF-26E6-4E77-8948-BBA5B70F6B20}.Debug|Any CPU.ActiveCfg = Debug|Any CPU
		{CC1324EF-26E6-4E77-8948-BBA5B70F6B20}.Debug|Any CPU.Build.0 = Debug|Any CPU
		{CC1324EF-26E6-4E77-8948-BBA5B70F6B20}.Release|Any CPU.ActiveCfg = Release|Any CPU
		{CC1324EF-26E6-4E77-8948-BBA5B70F6B20}.Release|Any CPU.Build.0 = Release|Any CPU
	EndGlobalSection
	GlobalSection(SolutionProperties) = preSolution
		HideSolutionNode = FALSE
	EndGlobalSection
	GlobalSection(ExtensibilityGlobals) = postSolution
		SolutionGuid = {1C94293B-0481-4C1A-A5EA-A919B970B577}
	EndGlobalSection
EndGlobal
