
Microsoft Visual Studio Solution File, Format Version 12.00
# Visual Studio Version 17
VisualStudioVersion = 17.3.32929.385
MinimumVisualStudioVersion = 10.0.40219.1
Project("{FAE04EC0-301F-11D3-BF4B-00C04F79EFBC}") = "02Salary", "02Salary.csproj", "{10ABE018-86DA-4FD9-9ECD-07905FFEE4F6}"
EndProject
Global
	GlobalSection(SolutionConfigurationPlatforms) = preSolution
		Debug|Any CPU = Debug|Any CPU
		Release|Any CPU = Release|Any CPU
	EndGlobalSection
	GlobalSection(ProjectConfigurationPlatforms) = postSolution
		{10ABE018-86DA-4FD9-9ECD-07905FFEE4F6}.Debug|Any CPU.ActiveCfg = Debug|Any CPU
		{10ABE018-86DA-4FD9-9ECD-07905FFEE4F6}.Debug|Any CPU.Build.0 = Debug|Any CPU
		{10ABE018-86DA-4FD9-9ECD-07905FFEE4F6}.Release|Any CPU.ActiveCfg = Release|Any CPU
		{10ABE018-86DA-4FD9-9ECD-07905FFEE4F6}.Release|Any CPU.Build.0 = Release|Any CPU
	EndGlobalSection
	GlobalSection(SolutionProperties) = preSolution
		HideSolutionNode = FALSE
	EndGlobalSection
	GlobalSection(ExtensibilityGlobals) = postSolution
		SolutionGuid = {D3931DCC-ADA0-4C9A-A809-418BF3A4A36A}
	EndGlobalSection
EndGlobal
