
Microsoft Visual Studio Solution File, Format Version 12.00
# Visual Studio Version 17
VisualStudioVersion = 17.3.32929.385
MinimumVisualStudioVersion = 10.0.40219.1
Project("{FAE04EC0-301F-11D3-BF4B-00C04F79EFBC}") = "02. Mirror Words", "02. Mirror Words.csproj", "{8EF1FFE4-D92C-4703-84E8-FD7D64B721DB}"
EndProject
Global
	GlobalSection(SolutionConfigurationPlatforms) = preSolution
		Debug|Any CPU = Debug|Any CPU
		Release|Any CPU = Release|Any CPU
	EndGlobalSection
	GlobalSection(ProjectConfigurationPlatforms) = postSolution
		{8EF1FFE4-D92C-4703-84E8-FD7D64B721DB}.Debug|Any CPU.ActiveCfg = Debug|Any CPU
		{8EF1FFE4-D92C-4703-84E8-FD7D64B721DB}.Debug|Any CPU.Build.0 = Debug|Any CPU
		{8EF1FFE4-D92C-4703-84E8-FD7D64B721DB}.Release|Any CPU.ActiveCfg = Release|Any CPU
		{8EF1FFE4-D92C-4703-84E8-FD7D64B721DB}.Release|Any CPU.Build.0 = Release|Any CPU
	EndGlobalSection
	GlobalSection(SolutionProperties) = preSolution
		HideSolutionNode = FALSE
	EndGlobalSection
	GlobalSection(ExtensibilityGlobals) = postSolution
		SolutionGuid = {0E4995AF-1860-4A5F-A91B-9599F9345893}
	EndGlobalSection
EndGlobal
