
Microsoft Visual Studio Solution File, Format Version 12.00
# Visual Studio Version 17
VisualStudioVersion = 17.3.32929.385
MinimumVisualStudioVersion = 10.0.40219.1
Project("{FAE04EC0-301F-11D3-BF4B-00C04F79EFBC}") = "02. Sets of Elements", "02. Sets of Elements.csproj", "{9019FC0D-1B3F-42A5-BBBF-4BEB17380997}"
EndProject
Global
	GlobalSection(SolutionConfigurationPlatforms) = preSolution
		Debug|Any CPU = Debug|Any CPU
		Release|Any CPU = Release|Any CPU
	EndGlobalSection
	GlobalSection(ProjectConfigurationPlatforms) = postSolution
		{9019FC0D-1B3F-42A5-BBBF-4BEB17380997}.Debug|Any CPU.ActiveCfg = Debug|Any CPU
		{9019FC0D-1B3F-42A5-BBBF-4BEB17380997}.Debug|Any CPU.Build.0 = Debug|Any CPU
		{9019FC0D-1B3F-42A5-BBBF-4BEB17380997}.Release|Any CPU.ActiveCfg = Release|Any CPU
		{9019FC0D-1B3F-42A5-BBBF-4BEB17380997}.Release|Any CPU.Build.0 = Release|Any CPU
	EndGlobalSection
	GlobalSection(SolutionProperties) = preSolution
		HideSolutionNode = FALSE
	EndGlobalSection
	GlobalSection(ExtensibilityGlobals) = postSolution
		SolutionGuid = {0BFCDFE1-A27E-4B4F-8457-769AAF61FA1A}
	EndGlobalSection
EndGlobal
