
Microsoft Visual Studio Solution File, Format Version 12.00
# Visual Studio Version 17
VisualStudioVersion = 17.3.32929.385
MinimumVisualStudioVersion = 10.0.40219.1
Project("{FAE04EC0-301F-11D3-BF4B-00C04F79EFBC}") = "IteratorsAndComparators", "IteratorsAndComparators.csproj", "{2ADDC49E-95C3-4CD1-A3BE-EF280D449B51}"
EndProject
Global
	GlobalSection(SolutionConfigurationPlatforms) = preSolution
		Debug|Any CPU = Debug|Any CPU
		Release|Any CPU = Release|Any CPU
	EndGlobalSection
	GlobalSection(ProjectConfigurationPlatforms) = postSolution
		{2ADDC49E-95C3-4CD1-A3BE-EF280D449B51}.Debug|Any CPU.ActiveCfg = Debug|Any CPU
		{2ADDC49E-95C3-4CD1-A3BE-EF280D449B51}.Debug|Any CPU.Build.0 = Debug|Any CPU
		{2ADDC49E-95C3-4CD1-A3BE-EF280D449B51}.Release|Any CPU.ActiveCfg = Release|Any CPU
		{2ADDC49E-95C3-4CD1-A3BE-EF280D449B51}.Release|Any CPU.Build.0 = Release|Any CPU
	EndGlobalSection
	GlobalSection(SolutionProperties) = preSolution
		HideSolutionNode = FALSE
	EndGlobalSection
	GlobalSection(ExtensibilityGlobals) = postSolution
		SolutionGuid = {39E713B0-AB87-4A96-8E7C-288309B346A1}
	EndGlobalSection
EndGlobal
