
Microsoft Visual Studio Solution File, Format Version 12.00
# Visual Studio Version 17
VisualStudioVersion = 17.3.32929.385
MinimumVisualStudioVersion = 10.0.40219.1
Project("{FAE04EC0-301F-11D3-BF4B-00C04F79EFBC}") = "05MonthPrinter", "05MonthPrinter.csproj", "{56CDD1A2-52B1-4C45-B8C7-37E80056F6A1}"
EndProject
Global
	GlobalSection(SolutionConfigurationPlatforms) = preSolution
		Debug|Any CPU = Debug|Any CPU
		Release|Any CPU = Release|Any CPU
	EndGlobalSection
	GlobalSection(ProjectConfigurationPlatforms) = postSolution
		{56CDD1A2-52B1-4C45-B8C7-37E80056F6A1}.Debug|Any CPU.ActiveCfg = Debug|Any CPU
		{56CDD1A2-52B1-4C45-B8C7-37E80056F6A1}.Debug|Any CPU.Build.0 = Debug|Any CPU
		{56CDD1A2-52B1-4C45-B8C7-37E80056F6A1}.Release|Any CPU.ActiveCfg = Release|Any CPU
		{56CDD1A2-52B1-4C45-B8C7-37E80056F6A1}.Release|Any CPU.Build.0 = Release|Any CPU
	EndGlobalSection
	GlobalSection(SolutionProperties) = preSolution
		HideSolutionNode = FALSE
	EndGlobalSection
	GlobalSection(ExtensibilityGlobals) = postSolution
		SolutionGuid = {0AEC3139-E8F0-4AB8-ABDF-509250E75515}
	EndGlobalSection
EndGlobal
