
Microsoft Visual Studio Solution File, Format Version 12.00
# Visual Studio Version 17
VisualStudioVersion = 17.3.32929.385
MinimumVisualStudioVersion = 10.0.40219.1
Project("{FAE04EC0-301F-11D3-BF4B-00C04F79EFBC}") = "03.OldestFamilyMember", "03.OldestFamilyMember.csproj", "{66119587-E646-4F53-B9B1-19D72180E663}"
EndProject
Global
	GlobalSection(SolutionConfigurationPlatforms) = preSolution
		Debug|Any CPU = Debug|Any CPU
		Release|Any CPU = Release|Any CPU
	EndGlobalSection
	GlobalSection(ProjectConfigurationPlatforms) = postSolution
		{66119587-E646-4F53-B9B1-19D72180E663}.Debug|Any CPU.ActiveCfg = Debug|Any CPU
		{66119587-E646-4F53-B9B1-19D72180E663}.Debug|Any CPU.Build.0 = Debug|Any CPU
		{66119587-E646-4F53-B9B1-19D72180E663}.Release|Any CPU.ActiveCfg = Release|Any CPU
		{66119587-E646-4F53-B9B1-19D72180E663}.Release|Any CPU.Build.0 = Release|Any CPU
	EndGlobalSection
	GlobalSection(SolutionProperties) = preSolution
		HideSolutionNode = FALSE
	EndGlobalSection
	GlobalSection(ExtensibilityGlobals) = postSolution
		SolutionGuid = {1A5EDFD1-ECCF-4381-A18F-3BC50461B3E1}
	EndGlobalSection
EndGlobal
