
Microsoft Visual Studio Solution File, Format Version 12.00
# Visual Studio Version 17
VisualStudioVersion = 17.3.32929.385
MinimumVisualStudioVersion = 10.0.40219.1
Project("{FAE04EC0-301F-11D3-BF4B-00C04F79EFBC}") = "01Person", "01Person.csproj", "{C49F64F5-8CEB-4C9B-9392-BD68576AD6DD}"
EndProject
Global
	GlobalSection(SolutionConfigurationPlatforms) = preSolution
		Debug|Any CPU = Debug|Any CPU
		Release|Any CPU = Release|Any CPU
	EndGlobalSection
	GlobalSection(ProjectConfigurationPlatforms) = postSolution
		{C49F64F5-8CEB-4C9B-9392-BD68576AD6DD}.Debug|Any CPU.ActiveCfg = Debug|Any CPU
		{C49F64F5-8CEB-4C9B-9392-BD68576AD6DD}.Debug|Any CPU.Build.0 = Debug|Any CPU
		{C49F64F5-8CEB-4C9B-9392-BD68576AD6DD}.Release|Any CPU.ActiveCfg = Release|Any CPU
		{C49F64F5-8CEB-4C9B-9392-BD68576AD6DD}.Release|Any CPU.Build.0 = Release|Any CPU
	EndGlobalSection
	GlobalSection(SolutionProperties) = preSolution
		HideSolutionNode = FALSE
	EndGlobalSection
	GlobalSection(ExtensibilityGlobals) = postSolution
		SolutionGuid = {D4AB3159-7F5A-40A1-AA26-60C7BE01DC4A}
	EndGlobalSection
EndGlobal
