
Microsoft Visual Studio Solution File, Format Version 12.00
# Visual Studio Version 17
VisualStudioVersion = 17.3.32929.385
MinimumVisualStudioVersion = 10.0.40219.1
Project("{FAE04EC0-301F-11D3-BF4B-00C04F79EFBC}") = "04NeedforSpeed", "04NeedforSpeed.csproj", "{A9B749B3-CF1F-4821-B3FE-9D665081AECA}"
EndProject
Global
	GlobalSection(SolutionConfigurationPlatforms) = preSolution
		Debug|Any CPU = Debug|Any CPU
		Release|Any CPU = Release|Any CPU
	EndGlobalSection
	GlobalSection(ProjectConfigurationPlatforms) = postSolution
		{A9B749B3-CF1F-4821-B3FE-9D665081AECA}.Debug|Any CPU.ActiveCfg = Debug|Any CPU
		{A9B749B3-CF1F-4821-B3FE-9D665081AECA}.Debug|Any CPU.Build.0 = Debug|Any CPU
		{A9B749B3-CF1F-4821-B3FE-9D665081AECA}.Release|Any CPU.ActiveCfg = Release|Any CPU
		{A9B749B3-CF1F-4821-B3FE-9D665081AECA}.Release|Any CPU.Build.0 = Release|Any CPU
	EndGlobalSection
	GlobalSection(SolutionProperties) = preSolution
		HideSolutionNode = FALSE
	EndGlobalSection
	GlobalSection(ExtensibilityGlobals) = postSolution
		SolutionGuid = {AE51EA5D-480C-474F-B291-4D2B454926A8}
	EndGlobalSection
EndGlobal
