
Microsoft Visual Studio Solution File, Format Version 12.00
# Visual Studio Version 17
VisualStudioVersion = 17.3.32929.385
MinimumVisualStudioVersion = 10.0.40219.1
Project("{FAE04EC0-301F-11D3-BF4B-00C04F79EFBC}") = "6. Jagged Array Manipulator", "6. Jagged Array Manipulator.csproj", "{0EEB0E4E-4CE8-40D3-A5FE-A5EC9A919E9A}"
EndProject
Global
	GlobalSection(SolutionConfigurationPlatforms) = preSolution
		Debug|Any CPU = Debug|Any CPU
		Release|Any CPU = Release|Any CPU
	EndGlobalSection
	GlobalSection(ProjectConfigurationPlatforms) = postSolution
		{0EEB0E4E-4CE8-40D3-A5FE-A5EC9A919E9A}.Debug|Any CPU.ActiveCfg = Debug|Any CPU
		{0EEB0E4E-4CE8-40D3-A5FE-A5EC9A919E9A}.Debug|Any CPU.Build.0 = Debug|Any CPU
		{0EEB0E4E-4CE8-40D3-A5FE-A5EC9A919E9A}.Release|Any CPU.ActiveCfg = Release|Any CPU
		{0EEB0E4E-4CE8-40D3-A5FE-A5EC9A919E9A}.Release|Any CPU.Build.0 = Release|Any CPU
	EndGlobalSection
	GlobalSection(SolutionProperties) = preSolution
		HideSolutionNode = FALSE
	EndGlobalSection
	GlobalSection(ExtensibilityGlobals) = postSolution
		SolutionGuid = {C3933795-04EC-4B05-BD4D-DB577CA6E1D7}
	EndGlobalSection
EndGlobal
