
Microsoft Visual Studio Solution File, Format Version 12.00
# Visual Studio Version 17
VisualStudioVersion = 17.3.32929.385
MinimumVisualStudioVersion = 10.0.40219.1
Project("{FAE04EC0-301F-11D3-BF4B-00C04F79EFBC}") = "03ShoppingSpree", "03ShoppingSpree.csproj", "{BEC250C0-94BD-40CC-B250-93DA94261214}"
EndProject
Global
	GlobalSection(SolutionConfigurationPlatforms) = preSolution
		Debug|Any CPU = Debug|Any CPU
		Release|Any CPU = Release|Any CPU
	EndGlobalSection
	GlobalSection(ProjectConfigurationPlatforms) = postSolution
		{BEC250C0-94BD-40CC-B250-93DA94261214}.Debug|Any CPU.ActiveCfg = Debug|Any CPU
		{BEC250C0-94BD-40CC-B250-93DA94261214}.Debug|Any CPU.Build.0 = Debug|Any CPU
		{BEC250C0-94BD-40CC-B250-93DA94261214}.Release|Any CPU.ActiveCfg = Release|Any CPU
		{BEC250C0-94BD-40CC-B250-93DA94261214}.Release|Any CPU.Build.0 = Release|Any CPU
	EndGlobalSection
	GlobalSection(SolutionProperties) = preSolution
		HideSolutionNode = FALSE
	EndGlobalSection
	GlobalSection(ExtensibilityGlobals) = postSolution
		SolutionGuid = {FFB0BCD2-B4C2-479D-8B12-B2B293A3928A}
	EndGlobalSection
EndGlobal
