
Microsoft Visual Studio Solution File, Format Version 12.00
# Visual Studio Version 17
VisualStudioVersion = 17.3.32929.385
MinimumVisualStudioVersion = 10.0.40219.1
Project("{FAE04EC0-301F-11D3-BF4B-00C04F79EFBC}") = "06. Store Boxes", "06. Store Boxes.csproj", "{BF1DC2EF-058D-4F06-A41F-7623B0A65BAA}"
EndProject
Global
	GlobalSection(SolutionConfigurationPlatforms) = preSolution
		Debug|Any CPU = Debug|Any CPU
		Release|Any CPU = Release|Any CPU
	EndGlobalSection
	GlobalSection(ProjectConfigurationPlatforms) = postSolution
		{BF1DC2EF-058D-4F06-A41F-7623B0A65BAA}.Debug|Any CPU.ActiveCfg = Debug|Any CPU
		{BF1DC2EF-058D-4F06-A41F-7623B0A65BAA}.Debug|Any CPU.Build.0 = Debug|Any CPU
		{BF1DC2EF-058D-4F06-A41F-7623B0A65BAA}.Release|Any CPU.ActiveCfg = Release|Any CPU
		{BF1DC2EF-058D-4F06-A41F-7623B0A65BAA}.Release|Any CPU.Build.0 = Release|Any CPU
	EndGlobalSection
	GlobalSection(SolutionProperties) = preSolution
		HideSolutionNode = FALSE
	EndGlobalSection
	GlobalSection(ExtensibilityGlobals) = postSolution
		SolutionGuid = {E4D321CE-482E-454A-92D2-0500743E6A70}
	EndGlobalSection
EndGlobal
