
Microsoft Visual Studio Solution File, Format Version 12.00
# Visual Studio Version 17
VisualStudioVersion = 17.11.35303.130
MinimumVisualStudioVersion = 10.0.40219.1
Project("{9A19103F-16F7-4668-BE54-9A1E7A4F7556}") = "CinemaApp.Web", "CinemaApp.Web\CinemaApp.Web.csproj", "{7CE0C8E2-C404-4DB3-B060-018AFCBA441C}"
EndProject
Project("{9A19103F-16F7-4668-BE54-9A1E7A4F7556}") = "CinemaApp.Common", "CinemaApp.Common\CinemaApp.Common.csproj", "{87E1BE16-D7B5-4F49-9AA0-097EBB45BBD5}"
EndProject
Project("{9A19103F-16F7-4668-BE54-9A1E7A4F7556}") = "CinemaApp.Web.ViewModels", "CinemaApp.Web.ViewModels\CinemaApp.Web.ViewModels.csproj", "{ED8AE86B-5620-4D35-B44E-1E0F09FF354B}"
EndProject
Project("{9A19103F-16F7-4668-BE54-9A1E7A4F7556}") = "CinemaApp.Data.Models", "CinemaApp.Data.Models\CinemaApp.Data.Models.csproj", "{E37B9C74-375E-4F10-8967-7D516742B719}"
EndProject
Project("{2150E333-8FDC-42A3-9474-1A3956D46DE8}") = "Web", "Web", "{85475A56-C808-45E3-ACE0-305B9A867290}"
EndProject
Project("{2150E333-8FDC-42A3-9474-1A3956D46DE8}") = "Data", "Data", "{A9F2C9F2-F719-4CA8-B384-BDF14018A663}"
EndProject
Project("{9A19103F-16F7-4668-BE54-9A1E7A4F7556}") = "CinemaApp.Data", "CinemaApp.Data\CinemaApp.Data.csproj", "{4D283A64-F6BF-4D9E-97B8-0141420E1EDD}"
EndProject
Project("{9A19103F-16F7-4668-BE54-9A1E7A4F7556}") = "CinemaApp.Web.Infrastructure", "CinemaApp.Web.Infrastructure\CinemaApp.Web.Infrastructure.csproj", "{86E27951-B9D4-41BF-9725-8423C1CAE9CC}"
EndProject
Project("{2150E333-8FDC-42A3-9474-1A3956D46DE8}") = "Services", "Services", "{58DA0713-19BA-4465-AB4A-D1451DA41587}"
EndProject
Project("{FAE04EC0-301F-11D3-BF4B-00C04F79EFBC}") = "CinemaApp.Services.Data", "CinemaApp.Services.Data\CinemaApp.Services.Data.csproj", "{938DDFD1-4CF2-4E68-9161-15EB4FE47AC0}"
EndProject
Project("{FAE04EC0-301F-11D3-BF4B-00C04F79EFBC}") = "CinemaApp.Services.Mapping", "CinemaApp.Services.Mapping\CinemaApp.Services.Mapping.csproj", "{843E4DFD-4EA7-45BF-AAA2-1658A527DE2C}"
EndProject
Global
	GlobalSection(SolutionConfigurationPlatforms) = preSolution
		Debug|Any CPU = Debug|Any CPU
		Release|Any CPU = Release|Any CPU
	EndGlobalSection
	GlobalSection(ProjectConfigurationPlatforms) = postSolution
		{7CE0C8E2-C404-4DB3-B060-018AFCBA441C}.Debug|Any CPU.ActiveCfg = Debug|Any CPU
		{7CE0C8E2-C404-4DB3-B060-018AFCBA441C}.Debug|Any CPU.Build.0 = Debug|Any CPU
		{7CE0C8E2-C404-4DB3-B060-018AFCBA441C}.Release|Any CPU.ActiveCfg = Release|Any CPU
		{7CE0C8E2-C404-4DB3-B060-018AFCBA441C}.Release|Any CPU.Build.0 = Release|Any CPU
		{87E1BE16-D7B5-4F49-9AA0-097EBB45BBD5}.Debug|Any CPU.ActiveCfg = Debug|Any CPU
		{87E1BE16-D7B5-4F49-9AA0-097EBB45BBD5}.Debug|Any CPU.Build.0 = Debug|Any CPU
		{87E1BE16-D7B5-4F49-9AA0-097EBB45BBD5}.Release|Any CPU.ActiveCfg = Release|Any CPU
		{87E1BE16-D7B5-4F49-9AA0-097EBB45BBD5}.Release|Any CPU.Build.0 = Release|Any CPU
		{ED8AE86B-5620-4D35-B44E-1E0F09FF354B}.Debug|Any CPU.ActiveCfg = Debug|Any CPU
		{ED8AE86B-5620-4D35-B44E-1E0F09FF354B}.Debug|Any CPU.Build.0 = Debug|Any CPU
		{ED8AE86B-5620-4D35-B44E-1E0F09FF354B}.Release|Any CPU.ActiveCfg = Release|Any CPU
		{ED8AE86B-5620-4D35-B44E-1E0F09FF354B}.Release|Any CPU.Build.0 = Release|Any CPU
		{E37B9C74-375E-4F10-8967-7D516742B719}.Debug|Any CPU.ActiveCfg = Debug|Any CPU
		{E37B9C74-375E-4F10-8967-7D516742B719}.Debug|Any CPU.Build.0 = Debug|Any CPU
		{E37B9C74-375E-4F10-8967-7D516742B719}.Release|Any CPU.ActiveCfg = Release|Any CPU
		{E37B9C74-375E-4F10-8967-7D516742B719}.Release|Any CPU.Build.0 = Release|Any CPU
		{4D283A64-F6BF-4D9E-97B8-0141420E1EDD}.Debug|Any CPU.ActiveCfg = Debug|Any CPU
		{4D283A64-F6BF-4D9E-97B8-0141420E1EDD}.Debug|Any CPU.Build.0 = Debug|Any CPU
		{4D283A64-F6BF-4D9E-97B8-0141420E1EDD}.Release|Any CPU.ActiveCfg = Release|Any CPU
		{4D283A64-F6BF-4D9E-97B8-0141420E1EDD}.Release|Any CPU.Build.0 = Release|Any CPU
		{86E27951-B9D4-41BF-9725-8423C1CAE9CC}.Debug|Any CPU.ActiveCfg = Debug|Any CPU
		{86E27951-B9D4-41BF-9725-8423C1CAE9CC}.Debug|Any CPU.Build.0 = Debug|Any CPU
		{86E27951-B9D4-41BF-9725-8423C1CAE9CC}.Release|Any CPU.ActiveCfg = Release|Any CPU
		{86E27951-B9D4-41BF-9725-8423C1CAE9CC}.Release|Any CPU.Build.0 = Release|Any CPU
		{938DDFD1-4CF2-4E68-9161-15EB4FE47AC0}.Debug|Any CPU.ActiveCfg = Debug|Any CPU
		{938DDFD1-4CF2-4E68-9161-15EB4FE47AC0}.Debug|Any CPU.Build.0 = Debug|Any CPU
		{938DDFD1-4CF2-4E68-9161-15EB4FE47AC0}.Release|Any CPU.ActiveCfg = Release|Any CPU
		{938DDFD1-4CF2-4E68-9161-15EB4FE47AC0}.Release|Any CPU.Build.0 = Release|Any CPU
		{843E4DFD-4EA7-45BF-AAA2-1658A527DE2C}.Debug|Any CPU.ActiveCfg = Debug|Any CPU
		{843E4DFD-4EA7-45BF-AAA2-1658A527DE2C}.Debug|Any CPU.Build.0 = Debug|Any CPU
		{843E4DFD-4EA7-45BF-AAA2-1658A527DE2C}.Release|Any CPU.ActiveCfg = Release|Any CPU
		{843E4DFD-4EA7-45BF-AAA2-1658A527DE2C}.Release|Any CPU.Build.0 = Release|Any CPU
	EndGlobalSection
	GlobalSection(SolutionProperties) = preSolution
		HideSolutionNode = FALSE
	EndGlobalSection
	GlobalSection(NestedProjects) = preSolution
		{7CE0C8E2-C404-4DB3-B060-018AFCBA441C} = {85475A56-C808-45E3-ACE0-305B9A867290}
		{ED8AE86B-5620-4D35-B44E-1E0F09FF354B} = {85475A56-C808-45E3-ACE0-305B9A867290}
		{E37B9C74-375E-4F10-8967-7D516742B719} = {A9F2C9F2-F719-4CA8-B384-BDF14018A663}
		{4D283A64-F6BF-4D9E-97B8-0141420E1EDD} = {A9F2C9F2-F719-4CA8-B384-BDF14018A663}
		{86E27951-B9D4-41BF-9725-8423C1CAE9CC} = {85475A56-C808-45E3-ACE0-305B9A867290}
		{938DDFD1-4CF2-4E68-9161-15EB4FE47AC0} = {58DA0713-19BA-4465-AB4A-D1451DA41587}
		{843E4DFD-4EA7-45BF-AAA2-1658A527DE2C} = {58DA0713-19BA-4465-AB4A-D1451DA41587}
	EndGlobalSection
	GlobalSection(ExtensibilityGlobals) = postSolution
		SolutionGuid = {41307907-55FF-40FC-85D4-F0FCDC7557B9}
	EndGlobalSection
EndGlobal
