
Microsoft Visual Studio Solution File, Format Version 12.00
# Visual Studio Version 17
VisualStudioVersion = 17.3.32929.385
MinimumVisualStudioVersion = 10.0.40219.1
Project("{FAE04EC0-301F-11D3-BF4B-00C04F79EFBC}") = "06ForeignLanguages", "06ForeignLanguages.csproj", "{9CCB6A15-85B2-439F-824C-CB37A73266B9}"
EndProject
Global
	GlobalSection(SolutionConfigurationPlatforms) = preSolution
		Debug|Any CPU = Debug|Any CPU
		Release|Any CPU = Release|Any CPU
	EndGlobalSection
	GlobalSection(ProjectConfigurationPlatforms) = postSolution
		{9CCB6A15-85B2-439F-824C-CB37A73266B9}.Debug|Any CPU.ActiveCfg = Debug|Any CPU
		{9CCB6A15-85B2-439F-824C-CB37A73266B9}.Debug|Any CPU.Build.0 = Debug|Any CPU
		{9CCB6A15-85B2-439F-824C-CB37A73266B9}.Release|Any CPU.ActiveCfg = Release|Any CPU
		{9CCB6A15-85B2-439F-824C-CB37A73266B9}.Release|Any CPU.Build.0 = Release|Any CPU
	EndGlobalSection
	GlobalSection(SolutionProperties) = preSolution
		HideSolutionNode = FALSE
	EndGlobalSection
	GlobalSection(ExtensibilityGlobals) = postSolution
		SolutionGuid = {091EF5CD-D79A-4C9E-B295-904DE7F35E7B}
	EndGlobalSection
EndGlobal
