
Microsoft Visual Studio Solution File, Format Version 12.00
# Visual Studio Version 17
VisualStudioVersion = 17.3.32929.385
MinimumVisualStudioVersion = 10.0.40219.1
Project("{FAE04EC0-301F-11D3-BF4B-00C04F79EFBC}") = "Largest Palindrome", "Largest Palindrome.csproj", "{6F6E3DA8-4BC5-4491-BE56-11C6D0F80F89}"
EndProject
Global
	GlobalSection(SolutionConfigurationPlatforms) = preSolution
		Debug|Any CPU = Debug|Any CPU
		Release|Any CPU = Release|Any CPU
	EndGlobalSection
	GlobalSection(ProjectConfigurationPlatforms) = postSolution
		{6F6E3DA8-4BC5-4491-BE56-11C6D0F80F89}.Debug|Any CPU.ActiveCfg = Debug|Any CPU
		{6F6E3DA8-4BC5-4491-BE56-11C6D0F80F89}.Debug|Any CPU.Build.0 = Debug|Any CPU
		{6F6E3DA8-4BC5-4491-BE56-11C6D0F80F89}.Release|Any CPU.ActiveCfg = Release|Any CPU
		{6F6E3DA8-4BC5-4491-BE56-11C6D0F80F89}.Release|Any CPU.Build.0 = Release|Any CPU
	EndGlobalSection
	GlobalSection(SolutionProperties) = preSolution
		HideSolutionNode = FALSE
	EndGlobalSection
	GlobalSection(ExtensibilityGlobals) = postSolution
		SolutionGuid = {DC18E572-75D5-4D21-8047-5E98D30F8685}
	EndGlobalSection
EndGlobal
