
Microsoft Visual Studio Solution File, Format Version 12.00
# Visual Studio Version 17
VisualStudioVersion = 17.3.32929.385
MinimumVisualStudioVersion = 10.0.40219.1
Project("{FAE04EC0-301F-11D3-BF4B-00C04F79EFBC}") = "01DefineanInterfaceIPerson", "01DefineanInterfaceIPerson.csproj", "{F3B5456D-AE06-48C3-9342-11FCA647F72C}"
EndProject
Global
	GlobalSection(SolutionConfigurationPlatforms) = preSolution
		Debug|Any CPU = Debug|Any CPU
		Release|Any CPU = Release|Any CPU
	EndGlobalSection
	GlobalSection(ProjectConfigurationPlatforms) = postSolution
		{F3B5456D-AE06-48C3-9342-11FCA647F72C}.Debug|Any CPU.ActiveCfg = Debug|Any CPU
		{F3B5456D-AE06-48C3-9342-11FCA647F72C}.Debug|Any CPU.Build.0 = Debug|Any CPU
		{F3B5456D-AE06-48C3-9342-11FCA647F72C}.Release|Any CPU.ActiveCfg = Release|Any CPU
		{F3B5456D-AE06-48C3-9342-11FCA647F72C}.Release|Any CPU.Build.0 = Release|Any CPU
	EndGlobalSection
	GlobalSection(SolutionProperties) = preSolution
		HideSolutionNode = FALSE
	EndGlobalSection
	GlobalSection(ExtensibilityGlobals) = postSolution
		SolutionGuid = {4808D75A-D63B-436B-9640-F481428845C5}
	EndGlobalSection
EndGlobal
