
Microsoft Visual Studio Solution File, Format Version 12.00
# Visual Studio Version 17
VisualStudioVersion = 17.3.32929.385
MinimumVisualStudioVersion = 10.0.40219.1
Project("{FAE04EC0-301F-11D3-BF4B-00C04F79EFBC}") = "SoftUni", "SoftUni.csproj", "{819E2AB5-509A-499A-86ED-6B07FF3D7937}"
EndProject
Global
	GlobalSection(SolutionConfigurationPlatforms) = preSolution
		Debug|Any CPU = Debug|Any CPU
		Release|Any CPU = Release|Any CPU
	EndGlobalSection
	GlobalSection(ProjectConfigurationPlatforms) = postSolution
		{819E2AB5-509A-499A-86ED-6B07FF3D7937}.Debug|Any CPU.ActiveCfg = Debug|Any CPU
		{819E2AB5-509A-499A-86ED-6B07FF3D7937}.Debug|Any CPU.Build.0 = Debug|Any CPU
		{819E2AB5-509A-499A-86ED-6B07FF3D7937}.Release|Any CPU.ActiveCfg = Release|Any CPU
		{819E2AB5-509A-499A-86ED-6B07FF3D7937}.Release|Any CPU.Build.0 = Release|Any CPU
	EndGlobalSection
	GlobalSection(SolutionProperties) = preSolution
		HideSolutionNode = FALSE
	EndGlobalSection
	GlobalSection(ExtensibilityGlobals) = postSolution
		SolutionGuid = {7A071145-A8B7-4485-BDE4-DEDA361987AA}
	EndGlobalSection
EndGlobal
