
Microsoft Visual Studio Solution File, Format Version 12.00
# Visual Studio Version 17
VisualStudioVersion = 17.3.32929.385
MinimumVisualStudioVersion = 10.0.40219.1
Project("{FAE04EC0-301F-11D3-BF4B-00C04F79EFBC}") = "01Vehicles", "01Vehicles.csproj", "{65A5F3CF-6718-4481-B34C-1C5DD1BFFBA6}"
EndProject
Global
	GlobalSection(SolutionConfigurationPlatforms) = preSolution
		Debug|Any CPU = Debug|Any CPU
		Release|Any CPU = Release|Any CPU
	EndGlobalSection
	GlobalSection(ProjectConfigurationPlatforms) = postSolution
		{65A5F3CF-6718-4481-B34C-1C5DD1BFFBA6}.Debug|Any CPU.ActiveCfg = Debug|Any CPU
		{65A5F3CF-6718-4481-B34C-1C5DD1BFFBA6}.Debug|Any CPU.Build.0 = Debug|Any CPU
		{65A5F3CF-6718-4481-B34C-1C5DD1BFFBA6}.Release|Any CPU.ActiveCfg = Release|Any CPU
		{65A5F3CF-6718-4481-B34C-1C5DD1BFFBA6}.Release|Any CPU.Build.0 = Release|Any CPU
	EndGlobalSection
	GlobalSection(SolutionProperties) = preSolution
		HideSolutionNode = FALSE
	EndGlobalSection
	GlobalSection(ExtensibilityGlobals) = postSolution
		SolutionGuid = {33325528-DEB4-4506-8161-B43245909F08}
	EndGlobalSection
EndGlobal
