
Microsoft Visual Studio Solution File, Format Version 12.00
# Visual Studio Version 17
VisualStudioVersion = 17.3.32929.385
MinimumVisualStudioVersion = 10.0.40219.1
Project("{FAE04EC0-301F-11D3-BF4B-00C04F79EFBC}") = "05Restaurant", "05Restaurant.csproj", "{9CE54868-2C38-4893-BCA2-C8440A66A868}"
EndProject
Global
	GlobalSection(SolutionConfigurationPlatforms) = preSolution
		Debug|Any CPU = Debug|Any CPU
		Release|Any CPU = Release|Any CPU
	EndGlobalSection
	GlobalSection(ProjectConfigurationPlatforms) = postSolution
		{9CE54868-2C38-4893-BCA2-C8440A66A868}.Debug|Any CPU.ActiveCfg = Debug|Any CPU
		{9CE54868-2C38-4893-BCA2-C8440A66A868}.Debug|Any CPU.Build.0 = Debug|Any CPU
		{9CE54868-2C38-4893-BCA2-C8440A66A868}.Release|Any CPU.ActiveCfg = Release|Any CPU
		{9CE54868-2C38-4893-BCA2-C8440A66A868}.Release|Any CPU.Build.0 = Release|Any CPU
	EndGlobalSection
	GlobalSection(SolutionProperties) = preSolution
		HideSolutionNode = FALSE
	EndGlobalSection
	GlobalSection(ExtensibilityGlobals) = postSolution
		SolutionGuid = {6250C77D-A38D-4CC1-A3AB-7781F6D76F75}
	EndGlobalSection
EndGlobal
