
Microsoft Visual Studio Solution File, Format Version 12.00
# Visual Studio Version 17
VisualStudioVersion = 17.3.32929.385
MinimumVisualStudioVersion = 10.0.40219.1
Project("{FAE04EC0-301F-11D3-BF4B-00C04F79EFBC}") = "04WildFarm", "04WildFarm.csproj", "{5EDB0ADD-34D1-45BF-B7C7-1E6218DAE36C}"
EndProject
Global
	GlobalSection(SolutionConfigurationPlatforms) = preSolution
		Debug|Any CPU = Debug|Any CPU
		Release|Any CPU = Release|Any CPU
	EndGlobalSection
	GlobalSection(ProjectConfigurationPlatforms) = postSolution
		{5EDB0ADD-34D1-45BF-B7C7-1E6218DAE36C}.Debug|Any CPU.ActiveCfg = Debug|Any CPU
		{5EDB0ADD-34D1-45BF-B7C7-1E6218DAE36C}.Debug|Any CPU.Build.0 = Debug|Any CPU
		{5EDB0ADD-34D1-45BF-B7C7-1E6218DAE36C}.Release|Any CPU.ActiveCfg = Release|Any CPU
		{5EDB0ADD-34D1-45BF-B7C7-1E6218DAE36C}.Release|Any CPU.Build.0 = Release|Any CPU
	EndGlobalSection
	GlobalSection(SolutionProperties) = preSolution
		HideSolutionNode = FALSE
	EndGlobalSection
	GlobalSection(ExtensibilityGlobals) = postSolution
		SolutionGuid = {F7EC515A-61C1-4D6D-B47A-04D527FC78BC}
	EndGlobalSection
EndGlobal
