
Microsoft Visual Studio Solution File, Format Version 12.00
# Visual Studio Version 17
VisualStudioVersion = 17.3.32929.385
MinimumVisualStudioVersion = 10.0.40219.1
Project("{FAE04EC0-301F-11D3-BF4B-00C04F79EFBC}") = "7. Knight Game", "7. Knight Game.csproj", "{2D5F0D3F-40E0-4D93-BFA4-008A6BA214B0}"
EndProject
Global
	GlobalSection(SolutionConfigurationPlatforms) = preSolution
		Debug|Any CPU = Debug|Any CPU
		Release|Any CPU = Release|Any CPU
	EndGlobalSection
	GlobalSection(ProjectConfigurationPlatforms) = postSolution
		{2D5F0D3F-40E0-4D93-BFA4-008A6BA214B0}.Debug|Any CPU.ActiveCfg = Debug|Any CPU
		{2D5F0D3F-40E0-4D93-BFA4-008A6BA214B0}.Debug|Any CPU.Build.0 = Debug|Any CPU
		{2D5F0D3F-40E0-4D93-BFA4-008A6BA214B0}.Release|Any CPU.ActiveCfg = Release|Any CPU
		{2D5F0D3F-40E0-4D93-BFA4-008A6BA214B0}.Release|Any CPU.Build.0 = Release|Any CPU
	EndGlobalSection
	GlobalSection(SolutionProperties) = preSolution
		HideSolutionNode = FALSE
	EndGlobalSection
	GlobalSection(ExtensibilityGlobals) = postSolution
		SolutionGuid = {52DCE473-3066-4589-9CF3-280689E58CB4}
	EndGlobalSection
EndGlobal
