
Microsoft Visual Studio Solution File, Format Version 12.00
# Visual Studio Version 17
VisualStudioVersion = 17.3.32929.385
MinimumVisualStudioVersion = 10.0.40219.1
Project("{FAE04EC0-301F-11D3-BF4B-00C04F79EFBC}") = "03Cards", "03Cards.csproj", "{586FE6EB-2D3C-456F-AB67-838C61B78671}"
EndProject
Global
	GlobalSection(SolutionConfigurationPlatforms) = preSolution
		Debug|Any CPU = Debug|Any CPU
		Release|Any CPU = Release|Any CPU
	EndGlobalSection
	GlobalSection(ProjectConfigurationPlatforms) = postSolution
		{586FE6EB-2D3C-456F-AB67-838C61B78671}.Debug|Any CPU.ActiveCfg = Debug|Any CPU
		{586FE6EB-2D3C-456F-AB67-838C61B78671}.Debug|Any CPU.Build.0 = Debug|Any CPU
		{586FE6EB-2D3C-456F-AB67-838C61B78671}.Release|Any CPU.ActiveCfg = Release|Any CPU
		{586FE6EB-2D3C-456F-AB67-838C61B78671}.Release|Any CPU.Build.0 = Release|Any CPU
	EndGlobalSection
	GlobalSection(SolutionProperties) = preSolution
		HideSolutionNode = FALSE
	EndGlobalSection
	GlobalSection(ExtensibilityGlobals) = postSolution
		SolutionGuid = {8CAB0891-B4A4-429D-A575-5C57187549BE}
	EndGlobalSection
EndGlobal
