
Microsoft Visual Studio Solution File, Format Version 12.00
# Visual Studio Version 17
VisualStudioVersion = 17.3.32929.385
MinimumVisualStudioVersion = 10.0.40219.1
Project("{FAE04EC0-301F-11D3-BF4B-00C04F79EFBC}") = "01. Sum Adjacent Equal Numbers", "01. Sum Adjacent Equal Numbers.csproj", "{63D0B92A-08DE-4E4E-9769-A59985D97A4A}"
EndProject
Global
	GlobalSection(SolutionConfigurationPlatforms) = preSolution
		Debug|Any CPU = Debug|Any CPU
		Release|Any CPU = Release|Any CPU
	EndGlobalSection
	GlobalSection(ProjectConfigurationPlatforms) = postSolution
		{63D0B92A-08DE-4E4E-9769-A59985D97A4A}.Debug|Any CPU.ActiveCfg = Debug|Any CPU
		{63D0B92A-08DE-4E4E-9769-A59985D97A4A}.Debug|Any CPU.Build.0 = Debug|Any CPU
		{63D0B92A-08DE-4E4E-9769-A59985D97A4A}.Release|Any CPU.ActiveCfg = Release|Any CPU
		{63D0B92A-08DE-4E4E-9769-A59985D97A4A}.Release|Any CPU.Build.0 = Release|Any CPU
	EndGlobalSection
	GlobalSection(SolutionProperties) = preSolution
		HideSolutionNode = FALSE
	EndGlobalSection
	GlobalSection(ExtensibilityGlobals) = postSolution
		SolutionGuid = {B35F7189-56B1-4F56-ACF9-6368BADA0C49}
	EndGlobalSection
EndGlobal
