
Microsoft Visual Studio Solution File, Format Version 12.00
# Visual Studio Version 17
VisualStudioVersion = 17.3.32929.385
MinimumVisualStudioVersion = 10.0.40219.1
Project("{FAE04EC0-301F-11D3-BF4B-00C04F79EFBC}") = "09. Palindrome Integers", "09. Palindrome Integers.csproj", "{621ECA40-501B-4C44-9B91-3FB4B8AE4A21}"
EndProject
Global
	GlobalSection(SolutionConfigurationPlatforms) = preSolution
		Debug|Any CPU = Debug|Any CPU
		Release|Any CPU = Release|Any CPU
	EndGlobalSection
	GlobalSection(ProjectConfigurationPlatforms) = postSolution
		{621ECA40-501B-4C44-9B91-3FB4B8AE4A21}.Debug|Any CPU.ActiveCfg = Debug|Any CPU
		{621ECA40-501B-4C44-9B91-3FB4B8AE4A21}.Debug|Any CPU.Build.0 = Debug|Any CPU
		{621ECA40-501B-4C44-9B91-3FB4B8AE4A21}.Release|Any CPU.ActiveCfg = Release|Any CPU
		{621ECA40-501B-4C44-9B91-3FB4B8AE4A21}.Release|Any CPU.Build.0 = Release|Any CPU
	EndGlobalSection
	GlobalSection(SolutionProperties) = preSolution
		HideSolutionNode = FALSE
	EndGlobalSection
	GlobalSection(ExtensibilityGlobals) = postSolution
		SolutionGuid = {DEBAAF86-2B68-4B30-B8AB-C7ACFBDA9F2B}
	EndGlobalSection
EndGlobal
