
Microsoft Visual Studio Solution File, Format Version 12.00
# Visual Studio Version 17
VisualStudioVersion = 17.3.32929.385
MinimumVisualStudioVersion = 10.0.40219.1
Project("{FAE04EC0-301F-11D3-BF4B-00C04F79EFBC}") = "05. Multiply Big Number", "05. Multiply Big Number.csproj", "{73AC4F25-A953-4EF3-BDDA-9406D479739E}"
EndProject
Global
	GlobalSection(SolutionConfigurationPlatforms) = preSolution
		Debug|Any CPU = Debug|Any CPU
		Release|Any CPU = Release|Any CPU
	EndGlobalSection
	GlobalSection(ProjectConfigurationPlatforms) = postSolution
		{73AC4F25-A953-4EF3-BDDA-9406D479739E}.Debug|Any CPU.ActiveCfg = Debug|Any CPU
		{73AC4F25-A953-4EF3-BDDA-9406D479739E}.Debug|Any CPU.Build.0 = Debug|Any CPU
		{73AC4F25-A953-4EF3-BDDA-9406D479739E}.Release|Any CPU.ActiveCfg = Release|Any CPU
		{73AC4F25-A953-4EF3-BDDA-9406D479739E}.Release|Any CPU.Build.0 = Release|Any CPU
	EndGlobalSection
	GlobalSection(SolutionProperties) = preSolution
		HideSolutionNode = FALSE
	EndGlobalSection
	GlobalSection(ExtensibilityGlobals) = postSolution
		SolutionGuid = {33A2A043-0074-4D21-9DD0-F741A30F37FA}
	EndGlobalSection
EndGlobal
