
Microsoft Visual Studio Solution File, Format Version 12.00
# Visual Studio Version 17
VisualStudioVersion = 17.3.32929.385
MinimumVisualStudioVersion = 10.0.40219.1
Project("{FAE04EC0-301F-11D3-BF4B-00C04F79EFBC}") = "07. Company Users", "07. Company Users.csproj", "{0C2D8686-4443-4636-9914-CE92539BE7F6}"
EndProject
Global
	GlobalSection(SolutionConfigurationPlatforms) = preSolution
		Debug|Any CPU = Debug|Any CPU
		Release|Any CPU = Release|Any CPU
	EndGlobalSection
	GlobalSection(ProjectConfigurationPlatforms) = postSolution
		{0C2D8686-4443-4636-9914-CE92539BE7F6}.Debug|Any CPU.ActiveCfg = Debug|Any CPU
		{0C2D8686-4443-4636-9914-CE92539BE7F6}.Debug|Any CPU.Build.0 = Debug|Any CPU
		{0C2D8686-4443-4636-9914-CE92539BE7F6}.Release|Any CPU.ActiveCfg = Release|Any CPU
		{0C2D8686-4443-4636-9914-CE92539BE7F6}.Release|Any CPU.Build.0 = Release|Any CPU
	EndGlobalSection
	GlobalSection(SolutionProperties) = preSolution
		HideSolutionNode = FALSE
	EndGlobalSection
	GlobalSection(ExtensibilityGlobals) = postSolution
		SolutionGuid = {67F32E58-494C-403D-99E8-2604AA5093EB}
	EndGlobalSection
EndGlobal
