
Microsoft Visual Studio Solution File, Format Version 12.00
# Visual Studio Version 17
VisualStudioVersion = 17.3.32929.385
MinimumVisualStudioVersion = 10.0.40219.1
Project("{FAE04EC0-301F-11D3-BF4B-00C04F79EFBC}") = "07. NxN Matrix", "07. NxN Matrix.csproj", "{84E393DC-27CD-4B55-A2B9-5E2CDE517891}"
EndProject
Global
	GlobalSection(SolutionConfigurationPlatforms) = preSolution
		Debug|Any CPU = Debug|Any CPU
		Release|Any CPU = Release|Any CPU
	EndGlobalSection
	GlobalSection(ProjectConfigurationPlatforms) = postSolution
		{84E393DC-27CD-4B55-A2B9-5E2CDE517891}.Debug|Any CPU.ActiveCfg = Debug|Any CPU
		{84E393DC-27CD-4B55-A2B9-5E2CDE517891}.Debug|Any CPU.Build.0 = Debug|Any CPU
		{84E393DC-27CD-4B55-A2B9-5E2CDE517891}.Release|Any CPU.ActiveCfg = Release|Any CPU
		{84E393DC-27CD-4B55-A2B9-5E2CDE517891}.Release|Any CPU.Build.0 = Release|Any CPU
	EndGlobalSection
	GlobalSection(SolutionProperties) = preSolution
		HideSolutionNode = FALSE
	EndGlobalSection
	GlobalSection(ExtensibilityGlobals) = postSolution
		SolutionGuid = {6FD5EA93-C5BB-433F-ACE6-00A77AA4EB0E}
	EndGlobalSection
EndGlobal
