
Microsoft Visual Studio Solution File, Format Version 12.00
# Visual Studio Version 17
VisualStudioVersion = 17.3.32929.385
MinimumVisualStudioVersion = 10.0.40219.1
Project("{FAE04EC0-301F-11D3-BF4B-00C04F79EFBC}") = "08TriangleofNumbers", "08TriangleofNumbers.csproj", "{15A9E42E-301B-4E42-850D-F1B6CBBA18ED}"
EndProject
Global
	GlobalSection(SolutionConfigurationPlatforms) = preSolution
		Debug|Any CPU = Debug|Any CPU
		Release|Any CPU = Release|Any CPU
	EndGlobalSection
	GlobalSection(ProjectConfigurationPlatforms) = postSolution
		{15A9E42E-301B-4E42-850D-F1B6CBBA18ED}.Debug|Any CPU.ActiveCfg = Debug|Any CPU
		{15A9E42E-301B-4E42-850D-F1B6CBBA18ED}.Debug|Any CPU.Build.0 = Debug|Any CPU
		{15A9E42E-301B-4E42-850D-F1B6CBBA18ED}.Release|Any CPU.ActiveCfg = Release|Any CPU
		{15A9E42E-301B-4E42-850D-F1B6CBBA18ED}.Release|Any CPU.Build.0 = Release|Any CPU
	EndGlobalSection
	GlobalSection(SolutionProperties) = preSolution
		HideSolutionNode = FALSE
	EndGlobalSection
	GlobalSection(ExtensibilityGlobals) = postSolution
		SolutionGuid = {7B5069F3-643A-41B1-9B17-7EB1877D2178}
	EndGlobalSection
EndGlobal
