
Microsoft Visual Studio Solution File, Format Version 12.00
# Visual Studio Version 17
VisualStudioVersion = 17.3.32929.385
MinimumVisualStudioVersion = 10.0.40219.1
Project("{FAE04EC0-301F-11D3-BF4B-00C04F79EFBC}") = "02. Average Student Grades", "02. Average Student Grades.csproj", "{12ACB87B-6724-45BE-B049-27C5741D9B76}"
EndProject
Global
	GlobalSection(SolutionConfigurationPlatforms) = preSolution
		Debug|Any CPU = Debug|Any CPU
		Release|Any CPU = Release|Any CPU
	EndGlobalSection
	GlobalSection(ProjectConfigurationPlatforms) = postSolution
		{12ACB87B-6724-45BE-B049-27C5741D9B76}.Debug|Any CPU.ActiveCfg = Debug|Any CPU
		{12ACB87B-6724-45BE-B049-27C5741D9B76}.Debug|Any CPU.Build.0 = Debug|Any CPU
		{12ACB87B-6724-45BE-B049-27C5741D9B76}.Release|Any CPU.ActiveCfg = Release|Any CPU
		{12ACB87B-6724-45BE-B049-27C5741D9B76}.Release|Any CPU.Build.0 = Release|Any CPU
	EndGlobalSection
	GlobalSection(SolutionProperties) = preSolution
		HideSolutionNode = FALSE
	EndGlobalSection
	GlobalSection(ExtensibilityGlobals) = postSolution
		SolutionGuid = {F3769678-70EE-46C0-BA0C-7863096F0A0C}
	EndGlobalSection
EndGlobal
