
Microsoft Visual Studio Solution File, Format Version 12.00
# Visual Studio Version 17
VisualStudioVersion = 17.3.32929.385
MinimumVisualStudioVersion = 10.0.40219.1
Project("{FAE04EC0-301F-11D3-BF4B-00C04F79EFBC}") = "08. Magic Sum", "08. Magic Sum.csproj", "{5FD9BD45-FA6C-475B-B05C-E78B6BAB0CB6}"
EndProject
Global
	GlobalSection(SolutionConfigurationPlatforms) = preSolution
		Debug|Any CPU = Debug|Any CPU
		Release|Any CPU = Release|Any CPU
	EndGlobalSection
	GlobalSection(ProjectConfigurationPlatforms) = postSolution
		{5FD9BD45-FA6C-475B-B05C-E78B6BAB0CB6}.Debug|Any CPU.ActiveCfg = Debug|Any CPU
		{5FD9BD45-FA6C-475B-B05C-E78B6BAB0CB6}.Debug|Any CPU.Build.0 = Debug|Any CPU
		{5FD9BD45-FA6C-475B-B05C-E78B6BAB0CB6}.Release|Any CPU.ActiveCfg = Release|Any CPU
		{5FD9BD45-FA6C-475B-B05C-E78B6BAB0CB6}.Release|Any CPU.Build.0 = Release|Any CPU
	EndGlobalSection
	GlobalSection(SolutionProperties) = preSolution
		HideSolutionNode = FALSE
	EndGlobalSection
	GlobalSection(ExtensibilityGlobals) = postSolution
		SolutionGuid = {FBDE876C-99A8-41DF-B9C8-F995D8D5301C}
	EndGlobalSection
EndGlobal
