
Microsoft Visual Studio Solution File, Format Version 12.00
# Visual Studio Version 17
VisualStudioVersion = 17.3.32929.385
MinimumVisualStudioVersion = 10.0.40219.1
Project("{FAE04EC0-301F-11D3-BF4B-00C04F79EFBC}") = "03. Periodic Table", "03. Periodic Table.csproj", "{C71DEC18-23B8-4764-99A3-31A343D60003}"
EndProject
Global
	GlobalSection(SolutionConfigurationPlatforms) = preSolution
		Debug|Any CPU = Debug|Any CPU
		Release|Any CPU = Release|Any CPU
	EndGlobalSection
	GlobalSection(ProjectConfigurationPlatforms) = postSolution
		{C71DEC18-23B8-4764-99A3-31A343D60003}.Debug|Any CPU.ActiveCfg = Debug|Any CPU
		{C71DEC18-23B8-4764-99A3-31A343D60003}.Debug|Any CPU.Build.0 = Debug|Any CPU
		{C71DEC18-23B8-4764-99A3-31A343D60003}.Release|Any CPU.ActiveCfg = Release|Any CPU
		{C71DEC18-23B8-4764-99A3-31A343D60003}.Release|Any CPU.Build.0 = Release|Any CPU
	EndGlobalSection
	GlobalSection(SolutionProperties) = preSolution
		HideSolutionNode = FALSE
	EndGlobalSection
	GlobalSection(ExtensibilityGlobals) = postSolution
		SolutionGuid = {3580F1C1-ED79-4765-9E26-8B0AF57A4044}
	EndGlobalSection
EndGlobal
