
Microsoft Visual Studio Solution File, Format Version 12.00
# Visual Studio Version 17
VisualStudioVersion = 17.3.32929.385
MinimumVisualStudioVersion = 10.0.40219.1
Project("{FAE04EC0-301F-11D3-BF4B-00C04F79EFBC}") = "IteratorsAndComparators", "IteratorsAndComparators.csproj", "{A3E3BC7C-7DF5-4148-8BEF-00233A4A0849}"
EndProject
Global
	GlobalSection(SolutionConfigurationPlatforms) = preSolution
		Debug|Any CPU = Debug|Any CPU
		Release|Any CPU = Release|Any CPU
	EndGlobalSection
	GlobalSection(ProjectConfigurationPlatforms) = postSolution
		{A3E3BC7C-7DF5-4148-8BEF-00233A4A0849}.Debug|Any CPU.ActiveCfg = Debug|Any CPU
		{A3E3BC7C-7DF5-4148-8BEF-00233A4A0849}.Debug|Any CPU.Build.0 = Debug|Any CPU
		{A3E3BC7C-7DF5-4148-8BEF-00233A4A0849}.Release|Any CPU.ActiveCfg = Release|Any CPU
		{A3E3BC7C-7DF5-4148-8BEF-00233A4A0849}.Release|Any CPU.Build.0 = Release|Any CPU
	EndGlobalSection
	GlobalSection(SolutionProperties) = preSolution
		HideSolutionNode = FALSE
	EndGlobalSection
	GlobalSection(ExtensibilityGlobals) = postSolution
		SolutionGuid = {2F4843B1-A7FD-4C2B-A3A0-A9AA28A4AD5F}
	EndGlobalSection
EndGlobal
