
Microsoft Visual Studio Solution File, Format Version 12.00
# Visual Studio Version 17
VisualStudioVersion = 17.3.32929.385
MinimumVisualStudioVersion = 10.0.40219.1
Project("{FAE04EC0-301F-11D3-BF4B-00C04F79EFBC}") = "Stealer", "Stealer.csproj", "{6B5B2C9F-E474-46BF-A782-84093E2EA0E8}"
EndProject
Global
	GlobalSection(SolutionConfigurationPlatforms) = preSolution
		Debug|Any CPU = Debug|Any CPU
		Release|Any CPU = Release|Any CPU
	EndGlobalSection
	GlobalSection(ProjectConfigurationPlatforms) = postSolution
		{6B5B2C9F-E474-46BF-A782-84093E2EA0E8}.Debug|Any CPU.ActiveCfg = Debug|Any CPU
		{6B5B2C9F-E474-46BF-A782-84093E2EA0E8}.Debug|Any CPU.Build.0 = Debug|Any CPU
		{6B5B2C9F-E474-46BF-A782-84093E2EA0E8}.Release|Any CPU.ActiveCfg = Release|Any CPU
		{6B5B2C9F-E474-46BF-A782-84093E2EA0E8}.Release|Any CPU.Build.0 = Release|Any CPU
	EndGlobalSection
	GlobalSection(SolutionProperties) = preSolution
		HideSolutionNode = FALSE
	EndGlobalSection
	GlobalSection(ExtensibilityGlobals) = postSolution
		SolutionGuid = {31A5AFBD-8A0D-4F36-8333-7BCE7C315DE1}
	EndGlobalSection
EndGlobal
