
Microsoft Visual Studio Solution File, Format Version 12.00
# Visual Studio Version 17
VisualStudioVersion = 17.3.32929.385
MinimumVisualStudioVersion = 10.0.40219.1
Project("{FAE04EC0-301F-11D3-BF4B-00C04F79EFBC}") = "03PlayersandMonsters", "03PlayersandMonsters.csproj", "{9FDD1272-9CFD-4240-AB38-581DF543A070}"
EndProject
Global
	GlobalSection(SolutionConfigurationPlatforms) = preSolution
		Debug|Any CPU = Debug|Any CPU
		Release|Any CPU = Release|Any CPU
	EndGlobalSection
	GlobalSection(ProjectConfigurationPlatforms) = postSolution
		{9FDD1272-9CFD-4240-AB38-581DF543A070}.Debug|Any CPU.ActiveCfg = Debug|Any CPU
		{9FDD1272-9CFD-4240-AB38-581DF543A070}.Debug|Any CPU.Build.0 = Debug|Any CPU
		{9FDD1272-9CFD-4240-AB38-581DF543A070}.Release|Any CPU.ActiveCfg = Release|Any CPU
		{9FDD1272-9CFD-4240-AB38-581DF543A070}.Release|Any CPU.Build.0 = Release|Any CPU
	EndGlobalSection
	GlobalSection(SolutionProperties) = preSolution
		HideSolutionNode = FALSE
	EndGlobalSection
	GlobalSection(ExtensibilityGlobals) = postSolution
		SolutionGuid = {B659E5B5-B6FF-4568-8FCE-A5D9C9981ADF}
	EndGlobalSection
EndGlobal
