
Microsoft Visual Studio Solution File, Format Version 12.00
# Visual Studio Version 17
VisualStudioVersion = 17.3.32929.385
MinimumVisualStudioVersion = 10.0.40219.1
Project("{FAE04EC0-301F-11D3-BF4B-00C04F79EFBC}") = "05. Teamwork Projects", "05. Teamwork Projects.csproj", "{EE6F9D80-2AD1-452F-9BA9-2D2B19A87FA2}"
EndProject
Global
	GlobalSection(SolutionConfigurationPlatforms) = preSolution
		Debug|Any CPU = Debug|Any CPU
		Release|Any CPU = Release|Any CPU
	EndGlobalSection
	GlobalSection(ProjectConfigurationPlatforms) = postSolution
		{EE6F9D80-2AD1-452F-9BA9-2D2B19A87FA2}.Debug|Any CPU.ActiveCfg = Debug|Any CPU
		{EE6F9D80-2AD1-452F-9BA9-2D2B19A87FA2}.Debug|Any CPU.Build.0 = Debug|Any CPU
		{EE6F9D80-2AD1-452F-9BA9-2D2B19A87FA2}.Release|Any CPU.ActiveCfg = Release|Any CPU
		{EE6F9D80-2AD1-452F-9BA9-2D2B19A87FA2}.Release|Any CPU.Build.0 = Release|Any CPU
	EndGlobalSection
	GlobalSection(SolutionProperties) = preSolution
		HideSolutionNode = FALSE
	EndGlobalSection
	GlobalSection(ExtensibilityGlobals) = postSolution
		SolutionGuid = {175BAB19-E577-4959-A59B-DD2B4BC6BC6E}
	EndGlobalSection
EndGlobal
