
Microsoft Visual Studio Solution File, Format Version 12.00
# Visual Studio Version 17
VisualStudioVersion = 17.3.32929.385
MinimumVisualStudioVersion = 10.0.40219.1
Project("{FAE04EC0-301F-11D3-BF4B-00C04F79EFBC}") = "03. House Party", "03. House Party.csproj", "{DBE57D49-BF14-4592-885F-A84B9DA6A0C7}"
EndProject
Global
	GlobalSection(SolutionConfigurationPlatforms) = preSolution
		Debug|Any CPU = Debug|Any CPU
		Release|Any CPU = Release|Any CPU
	EndGlobalSection
	GlobalSection(ProjectConfigurationPlatforms) = postSolution
		{DBE57D49-BF14-4592-885F-A84B9DA6A0C7}.Debug|Any CPU.ActiveCfg = Debug|Any CPU
		{DBE57D49-BF14-4592-885F-A84B9DA6A0C7}.Debug|Any CPU.Build.0 = Debug|Any CPU
		{DBE57D49-BF14-4592-885F-A84B9DA6A0C7}.Release|Any CPU.ActiveCfg = Release|Any CPU
		{DBE57D49-BF14-4592-885F-A84B9DA6A0C7}.Release|Any CPU.Build.0 = Release|Any CPU
	EndGlobalSection
	GlobalSection(SolutionProperties) = preSolution
		HideSolutionNode = FALSE
	EndGlobalSection
	GlobalSection(ExtensibilityGlobals) = postSolution
		SolutionGuid = {1DCF05CB-9ABA-42B7-AFEB-E8E90F40BF42}
	EndGlobalSection
EndGlobal
