
Microsoft Visual Studio Solution File, Format Version 12.00
# Visual Studio Version 17
VisualStudioVersion = 17.3.32929.385
MinimumVisualStudioVersion = 10.0.40219.1
Project("{9A19103F-16F7-4668-BE54-9A1E7A4F7556}") = "MailClient", "MailClient.csproj", "{5CF76679-87F3-483B-B96B-09603750FE63}"
EndProject
Global
	GlobalSection(SolutionConfigurationPlatforms) = preSolution
		Debug|Any CPU = Debug|Any CPU
		Release|Any CPU = Release|Any CPU
	EndGlobalSection
	GlobalSection(ProjectConfigurationPlatforms) = postSolution
		{5CF76679-87F3-483B-B96B-09603750FE63}.Debug|Any CPU.ActiveCfg = Debug|Any CPU
		{5CF76679-87F3-483B-B96B-09603750FE63}.Debug|Any CPU.Build.0 = Debug|Any CPU
		{5CF76679-87F3-483B-B96B-09603750FE63}.Release|Any CPU.ActiveCfg = Release|Any CPU
		{5CF76679-87F3-483B-B96B-09603750FE63}.Release|Any CPU.Build.0 = Release|Any CPU
	EndGlobalSection
	GlobalSection(SolutionProperties) = preSolution
		HideSolutionNode = FALSE
	EndGlobalSection
	GlobalSection(ExtensibilityGlobals) = postSolution
		SolutionGuid = {A99C50DA-CE76-4690-99FF-2C40AF3224B6}
	EndGlobalSection
EndGlobal
