
Microsoft Visual Studio Solution File, Format Version 12.00
# Visual Studio Version 17
VisualStudioVersion = 17.3.32929.385
MinimumVisualStudioVersion = 10.0.40219.1
Project("{FAE04EC0-301F-11D3-BF4B-00C04F79EFBC}") = "07. Predicate For Names", "07. Predicate For Names.csproj", "{7E1F6422-0B9B-4D39-BE9E-DA97358DE67A}"
EndProject
Global
	GlobalSection(SolutionConfigurationPlatforms) = preSolution
		Debug|Any CPU = Debug|Any CPU
		Release|Any CPU = Release|Any CPU
	EndGlobalSection
	GlobalSection(ProjectConfigurationPlatforms) = postSolution
		{7E1F6422-0B9B-4D39-BE9E-DA97358DE67A}.Debug|Any CPU.ActiveCfg = Debug|Any CPU
		{7E1F6422-0B9B-4D39-BE9E-DA97358DE67A}.Debug|Any CPU.Build.0 = Debug|Any CPU
		{7E1F6422-0B9B-4D39-BE9E-DA97358DE67A}.Release|Any CPU.ActiveCfg = Release|Any CPU
		{7E1F6422-0B9B-4D39-BE9E-DA97358DE67A}.Release|Any CPU.Build.0 = Release|Any CPU
	EndGlobalSection
	GlobalSection(SolutionProperties) = preSolution
		HideSolutionNode = FALSE
	EndGlobalSection
	GlobalSection(ExtensibilityGlobals) = postSolution
		SolutionGuid = {A0C8131B-3150-48AE-BC12-A0054172B704}
	EndGlobalSection
EndGlobal
