
Microsoft Visual Studio Solution File, Format Version 12.00
# Visual Studio Version 17
VisualStudioVersion = 17.3.32929.385
MinimumVisualStudioVersion = 10.0.40219.1
Project("{FAE04EC0-301F-11D3-BF4B-00C04F79EFBC}") = "04SumofIntegers", "04SumofIntegers.csproj", "{61DED7BF-A7EA-4591-B2AE-4F9E45B0847F}"
EndProject
Global
	GlobalSection(SolutionConfigurationPlatforms) = preSolution
		Debug|Any CPU = Debug|Any CPU
		Release|Any CPU = Release|Any CPU
	EndGlobalSection
	GlobalSection(ProjectConfigurationPlatforms) = postSolution
		{61DED7BF-A7EA-4591-B2AE-4F9E45B0847F}.Debug|Any CPU.ActiveCfg = Debug|Any CPU
		{61DED7BF-A7EA-4591-B2AE-4F9E45B0847F}.Debug|Any CPU.Build.0 = Debug|Any CPU
		{61DED7BF-A7EA-4591-B2AE-4F9E45B0847F}.Release|Any CPU.ActiveCfg = Release|Any CPU
		{61DED7BF-A7EA-4591-B2AE-4F9E45B0847F}.Release|Any CPU.Build.0 = Release|Any CPU
	EndGlobalSection
	GlobalSection(SolutionProperties) = preSolution
		HideSolutionNode = FALSE
	EndGlobalSection
	GlobalSection(ExtensibilityGlobals) = postSolution
		SolutionGuid = {4305C6CE-70D5-488C-9662-FAA748786420}
	EndGlobalSection
EndGlobal
