
Microsoft Visual Studio Solution File, Format Version 12.00
# Visual Studio Version 17
VisualStudioVersion = 17.3.32929.385
MinimumVisualStudioVersion = 10.0.40219.1
Project("{FAE04EC0-301F-11D3-BF4B-00C04F79EFBC}") = "05. Add and Subtract", "05. Add and Subtract.csproj", "{6BB14168-7222-40A6-9FCB-C0B617FE427D}"
EndProject
Global
	GlobalSection(SolutionConfigurationPlatforms) = preSolution
		Debug|Any CPU = Debug|Any CPU
		Release|Any CPU = Release|Any CPU
	EndGlobalSection
	GlobalSection(ProjectConfigurationPlatforms) = postSolution
		{6BB14168-7222-40A6-9FCB-C0B617FE427D}.Debug|Any CPU.ActiveCfg = Debug|Any CPU
		{6BB14168-7222-40A6-9FCB-C0B617FE427D}.Debug|Any CPU.Build.0 = Debug|Any CPU
		{6BB14168-7222-40A6-9FCB-C0B617FE427D}.Release|Any CPU.ActiveCfg = Release|Any CPU
		{6BB14168-7222-40A6-9FCB-C0B617FE427D}.Release|Any CPU.Build.0 = Release|Any CPU
	EndGlobalSection
	GlobalSection(SolutionProperties) = preSolution
		HideSolutionNode = FALSE
	EndGlobalSection
	GlobalSection(ExtensibilityGlobals) = postSolution
		SolutionGuid = {983647AE-7AE0-404C-B080-F91B9E53F5E3}
	EndGlobalSection
EndGlobal
