
Microsoft Visual Studio Solution File, Format Version 12.00
# Visual Studio Version 17
VisualStudioVersion = 17.3.32929.385
MinimumVisualStudioVersion = 10.0.40219.1
Project("{FAE04EC0-301F-11D3-BF4B-00C04F79EFBC}") = "02MultipleInheritance", "02MultipleInheritance.csproj", "{C77C3EFA-2352-40C3-BB47-45D1C6B46A89}"
EndProject
Global
	GlobalSection(SolutionConfigurationPlatforms) = preSolution
		Debug|Any CPU = Debug|Any CPU
		Release|Any CPU = Release|Any CPU
	EndGlobalSection
	GlobalSection(ProjectConfigurationPlatforms) = postSolution
		{C77C3EFA-2352-40C3-BB47-45D1C6B46A89}.Debug|Any CPU.ActiveCfg = Debug|Any CPU
		{C77C3EFA-2352-40C3-BB47-45D1C6B46A89}.Debug|Any CPU.Build.0 = Debug|Any CPU
		{C77C3EFA-2352-40C3-BB47-45D1C6B46A89}.Release|Any CPU.ActiveCfg = Release|Any CPU
		{C77C3EFA-2352-40C3-BB47-45D1C6B46A89}.Release|Any CPU.Build.0 = Release|Any CPU
	EndGlobalSection
	GlobalSection(SolutionProperties) = preSolution
		HideSolutionNode = FALSE
	EndGlobalSection
	GlobalSection(ExtensibilityGlobals) = postSolution
		SolutionGuid = {28FBCF4D-9BCF-49CA-AA67-EA32C3461349}
	EndGlobalSection
EndGlobal
