
Microsoft Visual Studio Solution File, Format Version 12.00
# Visual Studio Version 17
VisualStudioVersion = 17.3.32929.385
MinimumVisualStudioVersion = 10.0.40219.1
Project("{FAE04EC0-301F-11D3-BF4B-00C04F79EFBC}") = "01. Experience Gaining", "01. Experience Gaining.csproj", "{C068BC1B-F927-4042-942D-F229E2306A12}"
EndProject
Global
	GlobalSection(SolutionConfigurationPlatforms) = preSolution
		Debug|Any CPU = Debug|Any CPU
		Release|Any CPU = Release|Any CPU
	EndGlobalSection
	GlobalSection(ProjectConfigurationPlatforms) = postSolution
		{C068BC1B-F927-4042-942D-F229E2306A12}.Debug|Any CPU.ActiveCfg = Debug|Any CPU
		{C068BC1B-F927-4042-942D-F229E2306A12}.Debug|Any CPU.Build.0 = Debug|Any CPU
		{C068BC1B-F927-4042-942D-F229E2306A12}.Release|Any CPU.ActiveCfg = Release|Any CPU
		{C068BC1B-F927-4042-942D-F229E2306A12}.Release|Any CPU.Build.0 = Release|Any CPU
	EndGlobalSection
	GlobalSection(SolutionProperties) = preSolution
		HideSolutionNode = FALSE
	EndGlobalSection
	GlobalSection(ExtensibilityGlobals) = postSolution
		SolutionGuid = {FECC3F03-8D83-4076-99AA-B9C37DDCA95C}
	EndGlobalSection
EndGlobal
