
Microsoft Visual Studio Solution File, Format Version 12.00
# Visual Studio Version 17
VisualStudioVersion = 17.3.32929.385
MinimumVisualStudioVersion = 10.0.40219.1
Project("{FAE04EC0-301F-11D3-BF4B-00C04F79EFBC}") = "07.RawData", "07.RawData.csproj", "{42D853E4-B8F8-4FEE-A65C-A64BCEFF35B6}"
EndProject
Global
	GlobalSection(SolutionConfigurationPlatforms) = preSolution
		Debug|Any CPU = Debug|Any CPU
		Release|Any CPU = Release|Any CPU
	EndGlobalSection
	GlobalSection(ProjectConfigurationPlatforms) = postSolution
		{42D853E4-B8F8-4FEE-A65C-A64BCEFF35B6}.Debug|Any CPU.ActiveCfg = Debug|Any CPU
		{42D853E4-B8F8-4FEE-A65C-A64BCEFF35B6}.Debug|Any CPU.Build.0 = Debug|Any CPU
		{42D853E4-B8F8-4FEE-A65C-A64BCEFF35B6}.Release|Any CPU.ActiveCfg = Release|Any CPU
		{42D853E4-B8F8-4FEE-A65C-A64BCEFF35B6}.Release|Any CPU.Build.0 = Release|Any CPU
	EndGlobalSection
	GlobalSection(SolutionProperties) = preSolution
		HideSolutionNode = FALSE
	EndGlobalSection
	GlobalSection(ExtensibilityGlobals) = postSolution
		SolutionGuid = {D93A6F74-EB21-4FC2-BA2E-D73DDD83BF12}
	EndGlobalSection
EndGlobal
