
Microsoft Visual Studio Solution File, Format Version 12.00
# Visual Studio Version 17
VisualStudioVersion = 17.3.32929.385
MinimumVisualStudioVersion = 10.0.40219.1
Project("{FAE04EC0-301F-11D3-BF4B-00C04F79EFBC}") = "04. Password Validator", "04. Password Validator.csproj", "{3EAC4E45-73E7-4D6E-80D6-215357D5071D}"
EndProject
Global
	GlobalSection(SolutionConfigurationPlatforms) = preSolution
		Debug|Any CPU = Debug|Any CPU
		Release|Any CPU = Release|Any CPU
	EndGlobalSection
	GlobalSection(ProjectConfigurationPlatforms) = postSolution
		{3EAC4E45-73E7-4D6E-80D6-215357D5071D}.Debug|Any CPU.ActiveCfg = Debug|Any CPU
		{3EAC4E45-73E7-4D6E-80D6-215357D5071D}.Debug|Any CPU.Build.0 = Debug|Any CPU
		{3EAC4E45-73E7-4D6E-80D6-215357D5071D}.Release|Any CPU.ActiveCfg = Release|Any CPU
		{3EAC4E45-73E7-4D6E-80D6-215357D5071D}.Release|Any CPU.Build.0 = Release|Any CPU
	EndGlobalSection
	GlobalSection(SolutionProperties) = preSolution
		HideSolutionNode = FALSE
	EndGlobalSection
	GlobalSection(ExtensibilityGlobals) = postSolution
		SolutionGuid = {37A300C1-0A37-40CF-B368-051E1ADEB071}
	EndGlobalSection
EndGlobal
