
Microsoft Visual Studio Solution File, Format Version 12.00
# Visual Studio Version 17
VisualStudioVersion = 17.3.32929.385
MinimumVisualStudioVersion = 10.0.40219.1
Project("{FAE04EC0-301F-11D3-BF4B-00C04F79EFBC}") = "04. Students", "04. Students.csproj", "{C85D6E71-A8AE-4BCA-8CE7-C72A52DE7EE5}"
EndProject
Global
	GlobalSection(SolutionConfigurationPlatforms) = preSolution
		Debug|Any CPU = Debug|Any CPU
		Release|Any CPU = Release|Any CPU
	EndGlobalSection
	GlobalSection(ProjectConfigurationPlatforms) = postSolution
		{C85D6E71-A8AE-4BCA-8CE7-C72A52DE7EE5}.Debug|Any CPU.ActiveCfg = Debug|Any CPU
		{C85D6E71-A8AE-4BCA-8CE7-C72A52DE7EE5}.Debug|Any CPU.Build.0 = Debug|Any CPU
		{C85D6E71-A8AE-4BCA-8CE7-C72A52DE7EE5}.Release|Any CPU.ActiveCfg = Release|Any CPU
		{C85D6E71-A8AE-4BCA-8CE7-C72A52DE7EE5}.Release|Any CPU.Build.0 = Release|Any CPU
	EndGlobalSection
	GlobalSection(SolutionProperties) = preSolution
		HideSolutionNode = FALSE
	EndGlobalSection
	GlobalSection(ExtensibilityGlobals) = postSolution
		SolutionGuid = {06A89C64-6D6E-48D3-B615-A43BAE922BB5}
	EndGlobalSection
EndGlobal
