
Microsoft Visual Studio Solution File, Format Version 12.00
# Visual Studio Version 17
VisualStudioVersion = 17.3.32929.385
MinimumVisualStudioVersion = 10.0.40219.1
Project("{FAE04EC0-301F-11D3-BF4B-00C04F79EFBC}") = "04. Text Filter", "04. Text Filter.csproj", "{C5D7DE11-B8EA-48B4-AABE-A411D6089AEA}"
EndProject
Global
	GlobalSection(SolutionConfigurationPlatforms) = preSolution
		Debug|Any CPU = Debug|Any CPU
		Release|Any CPU = Release|Any CPU
	EndGlobalSection
	GlobalSection(ProjectConfigurationPlatforms) = postSolution
		{C5D7DE11-B8EA-48B4-AABE-A411D6089AEA}.Debug|Any CPU.ActiveCfg = Debug|Any CPU
		{C5D7DE11-B8EA-48B4-AABE-A411D6089AEA}.Debug|Any CPU.Build.0 = Debug|Any CPU
		{C5D7DE11-B8EA-48B4-AABE-A411D6089AEA}.Release|Any CPU.ActiveCfg = Release|Any CPU
		{C5D7DE11-B8EA-48B4-AABE-A411D6089AEA}.Release|Any CPU.Build.0 = Release|Any CPU
	EndGlobalSection
	GlobalSection(SolutionProperties) = preSolution
		HideSolutionNode = FALSE
	EndGlobalSection
	GlobalSection(ExtensibilityGlobals) = postSolution
		SolutionGuid = {7016CE9E-3710-4D90-BD4B-166374C82942}
	EndGlobalSection
EndGlobal
