
Microsoft Visual Studio Solution File, Format Version 12.00
# Visual Studio Version 17
VisualStudioVersion = 17.3.32929.385
MinimumVisualStudioVersion = 10.0.40219.1
Project("{FAE04EC0-301F-11D3-BF4B-00C04F79EFBC}") = "09. Simple Text Editor", "09. Simple Text Editor.csproj", "{06794985-1CC7-4829-83F7-7AE65C670CC1}"
EndProject
Global
	GlobalSection(SolutionConfigurationPlatforms) = preSolution
		Debug|Any CPU = Debug|Any CPU
		Release|Any CPU = Release|Any CPU
	EndGlobalSection
	GlobalSection(ProjectConfigurationPlatforms) = postSolution
		{06794985-1CC7-4829-83F7-7AE65C670CC1}.Debug|Any CPU.ActiveCfg = Debug|Any CPU
		{06794985-1CC7-4829-83F7-7AE65C670CC1}.Debug|Any CPU.Build.0 = Debug|Any CPU
		{06794985-1CC7-4829-83F7-7AE65C670CC1}.Release|Any CPU.ActiveCfg = Release|Any CPU
		{06794985-1CC7-4829-83F7-7AE65C670CC1}.Release|Any CPU.Build.0 = Release|Any CPU
	EndGlobalSection
	GlobalSection(SolutionProperties) = preSolution
		HideSolutionNode = FALSE
	EndGlobalSection
	GlobalSection(ExtensibilityGlobals) = postSolution
		SolutionGuid = {7C07AB28-A8F0-44FE-B625-89AA26486843}
	EndGlobalSection
EndGlobal
