
Microsoft Visual Studio Solution File, Format Version 12.00
# Visual Studio Version 17
VisualStudioVersion = 17.3.32929.385
MinimumVisualStudioVersion = 10.0.40219.1
Project("{FAE04EC0-301F-11D3-BF4B-00C04F79EFBC}") = "02. Fancy Barcodes", "02. Fancy Barcodes.csproj", "{8BE03682-04D9-4D1D-8C78-8C5E66F88CD1}"
EndProject
Global
	GlobalSection(SolutionConfigurationPlatforms) = preSolution
		Debug|Any CPU = Debug|Any CPU
		Release|Any CPU = Release|Any CPU
	EndGlobalSection
	GlobalSection(ProjectConfigurationPlatforms) = postSolution
		{8BE03682-04D9-4D1D-8C78-8C5E66F88CD1}.Debug|Any CPU.ActiveCfg = Debug|Any CPU
		{8BE03682-04D9-4D1D-8C78-8C5E66F88CD1}.Debug|Any CPU.Build.0 = Debug|Any CPU
		{8BE03682-04D9-4D1D-8C78-8C5E66F88CD1}.Release|Any CPU.ActiveCfg = Release|Any CPU
		{8BE03682-04D9-4D1D-8C78-8C5E66F88CD1}.Release|Any CPU.Build.0 = Release|Any CPU
	EndGlobalSection
	GlobalSection(SolutionProperties) = preSolution
		HideSolutionNode = FALSE
	EndGlobalSection
	GlobalSection(ExtensibilityGlobals) = postSolution
		SolutionGuid = {C6E5701B-7942-44FA-B3E1-A63DE342CE7E}
	EndGlobalSection
EndGlobal
