
Microsoft Visual Studio Solution File, Format Version 12.00
# Visual Studio Version 17
VisualStudioVersion = 17.3.32929.385
MinimumVisualStudioVersion = 10.0.40219.1
Project("{FAE04EC0-301F-11D3-BF4B-00C04F79EFBC}") = "12EvenNumber", "12EvenNumber.csproj", "{3728D17B-E5EB-46F3-BCDC-B34E31A9AA7A}"
EndProject
Global
	GlobalSection(SolutionConfigurationPlatforms) = preSolution
		Debug|Any CPU = Debug|Any CPU
		Release|Any CPU = Release|Any CPU
	EndGlobalSection
	GlobalSection(ProjectConfigurationPlatforms) = postSolution
		{3728D17B-E5EB-46F3-BCDC-B34E31A9AA7A}.Debug|Any CPU.ActiveCfg = Debug|Any CPU
		{3728D17B-E5EB-46F3-BCDC-B34E31A9AA7A}.Debug|Any CPU.Build.0 = Debug|Any CPU
		{3728D17B-E5EB-46F3-BCDC-B34E31A9AA7A}.Release|Any CPU.ActiveCfg = Release|Any CPU
		{3728D17B-E5EB-46F3-BCDC-B34E31A9AA7A}.Release|Any CPU.Build.0 = Release|Any CPU
	EndGlobalSection
	GlobalSection(SolutionProperties) = preSolution
		HideSolutionNode = FALSE
	EndGlobalSection
	GlobalSection(ExtensibilityGlobals) = postSolution
		SolutionGuid = {912F0BDB-6E65-45F4-A4C0-9394FAA3CF37}
	EndGlobalSection
EndGlobal
