
Microsoft Visual Studio Solution File, Format Version 12.00
# Visual Studio Version 17
VisualStudioVersion = 17.3.32929.385
MinimumVisualStudioVersion = 10.0.40219.1
Project("{FAE04EC0-301F-11D3-BF4B-00C04F79EFBC}") = "01. Count Same Values in Array", "01. Count Same Values in Array.csproj", "{B0E6256E-E1AD-49CD-B152-45098981EDF6}"
EndProject
Global
	GlobalSection(SolutionConfigurationPlatforms) = preSolution
		Debug|Any CPU = Debug|Any CPU
		Release|Any CPU = Release|Any CPU
	EndGlobalSection
	GlobalSection(ProjectConfigurationPlatforms) = postSolution
		{B0E6256E-E1AD-49CD-B152-45098981EDF6}.Debug|Any CPU.ActiveCfg = Debug|Any CPU
		{B0E6256E-E1AD-49CD-B152-45098981EDF6}.Debug|Any CPU.Build.0 = Debug|Any CPU
		{B0E6256E-E1AD-49CD-B152-45098981EDF6}.Release|Any CPU.ActiveCfg = Release|Any CPU
		{B0E6256E-E1AD-49CD-B152-45098981EDF6}.Release|Any CPU.Build.0 = Release|Any CPU
	EndGlobalSection
	GlobalSection(SolutionProperties) = preSolution
		HideSolutionNode = FALSE
	EndGlobalSection
	GlobalSection(ExtensibilityGlobals) = postSolution
		SolutionGuid = {D98F00CE-65AF-4C92-AD09-30410817BEA9}
	EndGlobalSection
EndGlobal
