
Microsoft Visual Studio Solution File, Format Version 12.00
# Visual Studio Version 17
VisualStudioVersion = 17.3.32929.385
MinimumVisualStudioVersion = 10.0.40219.1
Project("{FAE04EC0-301F-11D3-BF4B-00C04F79EFBC}") = "07TheatrePromotions", "07TheatrePromotions.csproj", "{5B47B498-9AA0-40D9-B14B-F1DEAE020467}"
EndProject
Global
	GlobalSection(SolutionConfigurationPlatforms) = preSolution
		Debug|Any CPU = Debug|Any CPU
		Release|Any CPU = Release|Any CPU
	EndGlobalSection
	GlobalSection(ProjectConfigurationPlatforms) = postSolution
		{5B47B498-9AA0-40D9-B14B-F1DEAE020467}.Debug|Any CPU.ActiveCfg = Debug|Any CPU
		{5B47B498-9AA0-40D9-B14B-F1DEAE020467}.Debug|Any CPU.Build.0 = Debug|Any CPU
		{5B47B498-9AA0-40D9-B14B-F1DEAE020467}.Release|Any CPU.ActiveCfg = Release|Any CPU
		{5B47B498-9AA0-40D9-B14B-F1DEAE020467}.Release|Any CPU.Build.0 = Release|Any CPU
	EndGlobalSection
	GlobalSection(SolutionProperties) = preSolution
		HideSolutionNode = FALSE
	EndGlobalSection
	GlobalSection(ExtensibilityGlobals) = postSolution
		SolutionGuid = {6938D858-E9CE-45FC-87AC-E0C231B1341C}
	EndGlobalSection
EndGlobal
