
Microsoft Visual Studio Solution File, Format Version 12.00
# Visual Studio Version 17
VisualStudioVersion = 17.3.32929.385
MinimumVisualStudioVersion = 10.0.40219.1
Project("{FAE04EC0-301F-11D3-BF4B-00C04F79EFBC}") = "04Team", "04Team.csproj", "{DF821A77-1F2B-4F8A-B91F-30ADA46191C5}"
EndProject
Global
	GlobalSection(SolutionConfigurationPlatforms) = preSolution
		Debug|Any CPU = Debug|Any CPU
		Release|Any CPU = Release|Any CPU
	EndGlobalSection
	GlobalSection(ProjectConfigurationPlatforms) = postSolution
		{DF821A77-1F2B-4F8A-B91F-30ADA46191C5}.Debug|Any CPU.ActiveCfg = Debug|Any CPU
		{DF821A77-1F2B-4F8A-B91F-30ADA46191C5}.Debug|Any CPU.Build.0 = Debug|Any CPU
		{DF821A77-1F2B-4F8A-B91F-30ADA46191C5}.Release|Any CPU.ActiveCfg = Release|Any CPU
		{DF821A77-1F2B-4F8A-B91F-30ADA46191C5}.Release|Any CPU.Build.0 = Release|Any CPU
	EndGlobalSection
	GlobalSection(SolutionProperties) = preSolution
		HideSolutionNode = FALSE
	EndGlobalSection
	GlobalSection(ExtensibilityGlobals) = postSolution
		SolutionGuid = {52168A18-BE2D-4170-B723-5CF2AEEE9E80}
	EndGlobalSection
EndGlobal
