
Microsoft Visual Studio Solution File, Format Version 12.00
# Visual Studio Version 17
VisualStudioVersion = 17.3.32929.385
MinimumVisualStudioVersion = 10.0.40219.1
Project("{FAE04EC0-301F-11D3-BF4B-00C04F79EFBC}") = "03Validation", "03Validation.csproj", "{196EAF21-79E6-492C-A92A-1180E6E9C913}"
EndProject
Global
	GlobalSection(SolutionConfigurationPlatforms) = preSolution
		Debug|Any CPU = Debug|Any CPU
		Release|Any CPU = Release|Any CPU
	EndGlobalSection
	GlobalSection(ProjectConfigurationPlatforms) = postSolution
		{196EAF21-79E6-492C-A92A-1180E6E9C913}.Debug|Any CPU.ActiveCfg = Debug|Any CPU
		{196EAF21-79E6-492C-A92A-1180E6E9C913}.Debug|Any CPU.Build.0 = Debug|Any CPU
		{196EAF21-79E6-492C-A92A-1180E6E9C913}.Release|Any CPU.ActiveCfg = Release|Any CPU
		{196EAF21-79E6-492C-A92A-1180E6E9C913}.Release|Any CPU.Build.0 = Release|Any CPU
	EndGlobalSection
	GlobalSection(SolutionProperties) = preSolution
		HideSolutionNode = FALSE
	EndGlobalSection
	GlobalSection(ExtensibilityGlobals) = postSolution
		SolutionGuid = {A0150C1A-B244-4326-8DB9-0569D6BA4839}
	EndGlobalSection
EndGlobal
