
Microsoft Visual Studio Solution File, Format Version 12.00
# Visual Studio Version 17
VisualStudioVersion = 17.3.32929.385
MinimumVisualStudioVersion = 10.0.40219.1
Project("{FAE04EC0-301F-11D3-BF4B-00C04F79EFBC}") = "05Login", "05Login.csproj", "{015F505A-FD20-46FD-BF1E-755DD723FB14}"
EndProject
Global
	GlobalSection(SolutionConfigurationPlatforms) = preSolution
		Debug|Any CPU = Debug|Any CPU
		Release|Any CPU = Release|Any CPU
	EndGlobalSection
	GlobalSection(ProjectConfigurationPlatforms) = postSolution
		{015F505A-FD20-46FD-BF1E-755DD723FB14}.Debug|Any CPU.ActiveCfg = Debug|Any CPU
		{015F505A-FD20-46FD-BF1E-755DD723FB14}.Debug|Any CPU.Build.0 = Debug|Any CPU
		{015F505A-FD20-46FD-BF1E-755DD723FB14}.Release|Any CPU.ActiveCfg = Release|Any CPU
		{015F505A-FD20-46FD-BF1E-755DD723FB14}.Release|Any CPU.Build.0 = Release|Any CPU
	EndGlobalSection
	GlobalSection(SolutionProperties) = preSolution
		HideSolutionNode = FALSE
	EndGlobalSection
	GlobalSection(ExtensibilityGlobals) = postSolution
		SolutionGuid = {2F8EEC16-DBCC-4DED-933A-2808E89593DA}
	EndGlobalSection
EndGlobal
