
Microsoft Visual Studio Solution File, Format Version 12.00
# Visual Studio Version 17
VisualStudioVersion = 17.3.32929.385
MinimumVisualStudioVersion = 10.0.40219.1
Project("{FAE04EC0-301F-11D3-BF4B-00C04F79EFBC}") = "BoxofT", "BoxofT.csproj", "{29F9C4E1-E44D-4814-9F95-AE3D031DC105}"
EndProject
Global
	GlobalSection(SolutionConfigurationPlatforms) = preSolution
		Debug|Any CPU = Debug|Any CPU
		Release|Any CPU = Release|Any CPU
	EndGlobalSection
	GlobalSection(ProjectConfigurationPlatforms) = postSolution
		{29F9C4E1-E44D-4814-9F95-AE3D031DC105}.Debug|Any CPU.ActiveCfg = Debug|Any CPU
		{29F9C4E1-E44D-4814-9F95-AE3D031DC105}.Debug|Any CPU.Build.0 = Debug|Any CPU
		{29F9C4E1-E44D-4814-9F95-AE3D031DC105}.Release|Any CPU.ActiveCfg = Release|Any CPU
		{29F9C4E1-E44D-4814-9F95-AE3D031DC105}.Release|Any CPU.Build.0 = Release|Any CPU
	EndGlobalSection
	GlobalSection(SolutionProperties) = preSolution
		HideSolutionNode = FALSE
	EndGlobalSection
	GlobalSection(ExtensibilityGlobals) = postSolution
		SolutionGuid = {B4EA56C3-481D-416E-B078-70033B1E2B18}
	EndGlobalSection
EndGlobal
