
Microsoft Visual Studio Solution File, Format Version 12.00
# Visual Studio Version 17
VisualStudioVersion = 17.3.32929.385
MinimumVisualStudioVersion = 10.0.40219.1
Project("{FAE04EC0-301F-11D3-BF4B-00C04F79EFBC}") = "04ReverseArrayofStrings", "04ReverseArrayofStrings.csproj", "{9DD10B84-8FE0-472D-AC00-E85F4F1FF558}"
EndProject
Global
	GlobalSection(SolutionConfigurationPlatforms) = preSolution
		Debug|Any CPU = Debug|Any CPU
		Release|Any CPU = Release|Any CPU
	EndGlobalSection
	GlobalSection(ProjectConfigurationPlatforms) = postSolution
		{9DD10B84-8FE0-472D-AC00-E85F4F1FF558}.Debug|Any CPU.ActiveCfg = Debug|Any CPU
		{9DD10B84-8FE0-472D-AC00-E85F4F1FF558}.Debug|Any CPU.Build.0 = Debug|Any CPU
		{9DD10B84-8FE0-472D-AC00-E85F4F1FF558}.Release|Any CPU.ActiveCfg = Release|Any CPU
		{9DD10B84-8FE0-472D-AC00-E85F4F1FF558}.Release|Any CPU.Build.0 = Release|Any CPU
	EndGlobalSection
	GlobalSection(SolutionProperties) = preSolution
		HideSolutionNode = FALSE
	EndGlobalSection
	GlobalSection(ExtensibilityGlobals) = postSolution
		SolutionGuid = {F784B51E-88B5-4E7D-A427-9DE73E51B9D9}
	EndGlobalSection
EndGlobal
