
Microsoft Visual Studio Solution File, Format Version 12.00
# Visual Studio Version 17
VisualStudioVersion = 17.3.32929.385
MinimumVisualStudioVersion = 10.0.40219.1
Project("{FAE04EC0-301F-11D3-BF4B-00C04F79EFBC}") = "01. Basic Stack Operations", "01. Basic Stack Operations.csproj", "{28676194-5F53-42BC-AE44-6964AA9639D3}"
EndProject
Global
	GlobalSection(SolutionConfigurationPlatforms) = preSolution
		Debug|Any CPU = Debug|Any CPU
		Release|Any CPU = Release|Any CPU
	EndGlobalSection
	GlobalSection(ProjectConfigurationPlatforms) = postSolution
		{28676194-5F53-42BC-AE44-6964AA9639D3}.Debug|Any CPU.ActiveCfg = Debug|Any CPU
		{28676194-5F53-42BC-AE44-6964AA9639D3}.Debug|Any CPU.Build.0 = Debug|Any CPU
		{28676194-5F53-42BC-AE44-6964AA9639D3}.Release|Any CPU.ActiveCfg = Release|Any CPU
		{28676194-5F53-42BC-AE44-6964AA9639D3}.Release|Any CPU.Build.0 = Release|Any CPU
	EndGlobalSection
	GlobalSection(SolutionProperties) = preSolution
		HideSolutionNode = FALSE
	EndGlobalSection
	GlobalSection(ExtensibilityGlobals) = postSolution
		SolutionGuid = {C5FA7B67-21FF-4EF3-BDFD-FD6FEAF1054E}
	EndGlobalSection
EndGlobal
