
Microsoft Visual Studio Solution File, Format Version 12.00
# Visual Studio Version 17
VisualStudioVersion = 17.3.32929.385
MinimumVisualStudioVersion = 10.0.40219.1
Project("{FAE04EC0-301F-11D3-BF4B-00C04F79EFBC}") = "2Facade", "2Facade.csproj", "{1E31EB36-0168-471C-BBBA-B3FA326FC034}"
EndProject
Global
	GlobalSection(SolutionConfigurationPlatforms) = preSolution
		Debug|Any CPU = Debug|Any CPU
		Release|Any CPU = Release|Any CPU
	EndGlobalSection
	GlobalSection(ProjectConfigurationPlatforms) = postSolution
		{1E31EB36-0168-471C-BBBA-B3FA326FC034}.Debug|Any CPU.ActiveCfg = Debug|Any CPU
		{1E31EB36-0168-471C-BBBA-B3FA326FC034}.Debug|Any CPU.Build.0 = Debug|Any CPU
		{1E31EB36-0168-471C-BBBA-B3FA326FC034}.Release|Any CPU.ActiveCfg = Release|Any CPU
		{1E31EB36-0168-471C-BBBA-B3FA326FC034}.Release|Any CPU.Build.0 = Release|Any CPU
	EndGlobalSection
	GlobalSection(SolutionProperties) = preSolution
		HideSolutionNode = FALSE
	EndGlobalSection
	GlobalSection(ExtensibilityGlobals) = postSolution
		SolutionGuid = {76CA9599-E162-42D4-99E4-80F256A25834}
	EndGlobalSection
EndGlobal
