
Microsoft Visual Studio Solution File, Format Version 12.00
# Visual Studio Version 17
VisualStudioVersion = 17.3.32929.385
MinimumVisualStudioVersion = 10.0.40219.1
Project("{FAE04EC0-301F-11D3-BF4B-00C04F79EFBC}") = "02Zoo", "02Zoo.csproj", "{61945716-4CC5-4890-B094-0DF167B712F1}"
EndProject
Global
	GlobalSection(SolutionConfigurationPlatforms) = preSolution
		Debug|Any CPU = Debug|Any CPU
		Release|Any CPU = Release|Any CPU
	EndGlobalSection
	GlobalSection(ProjectConfigurationPlatforms) = postSolution
		{61945716-4CC5-4890-B094-0DF167B712F1}.Debug|Any CPU.ActiveCfg = Debug|Any CPU
		{61945716-4CC5-4890-B094-0DF167B712F1}.Debug|Any CPU.Build.0 = Debug|Any CPU
		{61945716-4CC5-4890-B094-0DF167B712F1}.Release|Any CPU.ActiveCfg = Release|Any CPU
		{61945716-4CC5-4890-B094-0DF167B712F1}.Release|Any CPU.Build.0 = Release|Any CPU
	EndGlobalSection
	GlobalSection(SolutionProperties) = preSolution
		HideSolutionNode = FALSE
	EndGlobalSection
	GlobalSection(ExtensibilityGlobals) = postSolution
		SolutionGuid = {ED0296F5-DD4E-411B-8AB9-F1E011DC7B24}
	EndGlobalSection
EndGlobal
