
Microsoft Visual Studio Solution File, Format Version 12.00
# Visual Studio Version 17
VisualStudioVersion = 17.3.32929.385
MinimumVisualStudioVersion = 10.0.40219.1
Project("{FAE04EC0-301F-11D3-BF4B-00C04F79EFBC}") = "05. Bomb Numbers", "05. Bomb Numbers.csproj", "{016F47BA-C85C-479D-A742-054B1818236E}"
EndProject
Global
	GlobalSection(SolutionConfigurationPlatforms) = preSolution
		Debug|Any CPU = Debug|Any CPU
		Release|Any CPU = Release|Any CPU
	EndGlobalSection
	GlobalSection(ProjectConfigurationPlatforms) = postSolution
		{016F47BA-C85C-479D-A742-054B1818236E}.Debug|Any CPU.ActiveCfg = Debug|Any CPU
		{016F47BA-C85C-479D-A742-054B1818236E}.Debug|Any CPU.Build.0 = Debug|Any CPU
		{016F47BA-C85C-479D-A742-054B1818236E}.Release|Any CPU.ActiveCfg = Release|Any CPU
		{016F47BA-C85C-479D-A742-054B1818236E}.Release|Any CPU.Build.0 = Release|Any CPU
	EndGlobalSection
	GlobalSection(SolutionProperties) = preSolution
		HideSolutionNode = FALSE
	EndGlobalSection
	GlobalSection(ExtensibilityGlobals) = postSolution
		SolutionGuid = {6FE59800-1338-4B77-B1F4-3D872BF14223}
	EndGlobalSection
EndGlobal
