
Microsoft Visual Studio Solution File, Format Version 12.00
# Visual Studio Version 17
VisualStudioVersion = 17.3.32929.385
MinimumVisualStudioVersion = 10.0.40219.1
Project("{FAE04EC0-301F-11D3-BF4B-00C04F79EFBC}") = "06GenericCountMethodDouble", "06GenericCountMethodDouble.csproj", "{A76BFF7E-F548-459E-A283-8F05AA885119}"
EndProject
Global
	GlobalSection(SolutionConfigurationPlatforms) = preSolution
		Debug|Any CPU = Debug|Any CPU
		Release|Any CPU = Release|Any CPU
	EndGlobalSection
	GlobalSection(ProjectConfigurationPlatforms) = postSolution
		{A76BFF7E-F548-459E-A283-8F05AA885119}.Debug|Any CPU.ActiveCfg = Debug|Any CPU
		{A76BFF7E-F548-459E-A283-8F05AA885119}.Debug|Any CPU.Build.0 = Debug|Any CPU
		{A76BFF7E-F548-459E-A283-8F05AA885119}.Release|Any CPU.ActiveCfg = Release|Any CPU
		{A76BFF7E-F548-459E-A283-8F05AA885119}.Release|Any CPU.Build.0 = Release|Any CPU
	EndGlobalSection
	GlobalSection(SolutionProperties) = preSolution
		HideSolutionNode = FALSE
	EndGlobalSection
	GlobalSection(ExtensibilityGlobals) = postSolution
		SolutionGuid = {65B942AF-7812-4079-8897-232B4BB07A03}
	EndGlobalSection
EndGlobal
