
Microsoft Visual Studio Solution File, Format Version 12.00
# Visual Studio Version 17
VisualStudioVersion = 17.3.32929.385
MinimumVisualStudioVersion = 10.0.40219.1
Project("{FAE04EC0-301F-11D3-BF4B-00C04F79EFBC}") = "02CommonElements", "02CommonElements.csproj", "{3CEB5341-310C-4DAC-94D9-72B5FC09B2C3}"
EndProject
Global
	GlobalSection(SolutionConfigurationPlatforms) = preSolution
		Debug|Any CPU = Debug|Any CPU
		Release|Any CPU = Release|Any CPU
	EndGlobalSection
	GlobalSection(ProjectConfigurationPlatforms) = postSolution
		{3CEB5341-310C-4DAC-94D9-72B5FC09B2C3}.Debug|Any CPU.ActiveCfg = Debug|Any CPU
		{3CEB5341-310C-4DAC-94D9-72B5FC09B2C3}.Debug|Any CPU.Build.0 = Debug|Any CPU
		{3CEB5341-310C-4DAC-94D9-72B5FC09B2C3}.Release|Any CPU.ActiveCfg = Release|Any CPU
		{3CEB5341-310C-4DAC-94D9-72B5FC09B2C3}.Release|Any CPU.Build.0 = Release|Any CPU
	EndGlobalSection
	GlobalSection(SolutionProperties) = preSolution
		HideSolutionNode = FALSE
	EndGlobalSection
	GlobalSection(ExtensibilityGlobals) = postSolution
		SolutionGuid = {3EFA84C8-0FDE-477C-B258-1DF57F145B6D}
	EndGlobalSection
EndGlobal
