
Microsoft Visual Studio Solution File, Format Version 12.00
# Visual Studio Version 17
VisualStudioVersion = 17.3.32929.385
MinimumVisualStudioVersion = 10.0.40219.1
Project("{FAE04EC0-301F-11D3-BF4B-00C04F79EFBC}") = "06. Vehicle Catalogue", "06. Vehicle Catalogue.csproj", "{E7F2A55D-1243-446C-BDA5-30F130DD55B5}"
EndProject
Global
	GlobalSection(SolutionConfigurationPlatforms) = preSolution
		Debug|Any CPU = Debug|Any CPU
		Release|Any CPU = Release|Any CPU
	EndGlobalSection
	GlobalSection(ProjectConfigurationPlatforms) = postSolution
		{E7F2A55D-1243-446C-BDA5-30F130DD55B5}.Debug|Any CPU.ActiveCfg = Debug|Any CPU
		{E7F2A55D-1243-446C-BDA5-30F130DD55B5}.Debug|Any CPU.Build.0 = Debug|Any CPU
		{E7F2A55D-1243-446C-BDA5-30F130DD55B5}.Release|Any CPU.ActiveCfg = Release|Any CPU
		{E7F2A55D-1243-446C-BDA5-30F130DD55B5}.Release|Any CPU.Build.0 = Release|Any CPU
	EndGlobalSection
	GlobalSection(SolutionProperties) = preSolution
		HideSolutionNode = FALSE
	EndGlobalSection
	GlobalSection(ExtensibilityGlobals) = postSolution
		SolutionGuid = {1997A0F8-7438-44F8-9A62-351161870828}
	EndGlobalSection
EndGlobal
