
Microsoft Visual Studio Solution File, Format Version 12.00
# Visual Studio Version 17
VisualStudioVersion = 17.3.32929.385
MinimumVisualStudioVersion = 10.0.40219.1
Project("{FAE04EC0-301F-11D3-BF4B-00C04F79EFBC}") = "06MoneyTransactions", "06MoneyTransactions.csproj", "{9F7A7417-9513-4B0D-906E-806D1175DEAD}"
EndProject
Global
	GlobalSection(SolutionConfigurationPlatforms) = preSolution
		Debug|Any CPU = Debug|Any CPU
		Release|Any CPU = Release|Any CPU
	EndGlobalSection
	GlobalSection(ProjectConfigurationPlatforms) = postSolution
		{9F7A7417-9513-4B0D-906E-806D1175DEAD}.Debug|Any CPU.ActiveCfg = Debug|Any CPU
		{9F7A7417-9513-4B0D-906E-806D1175DEAD}.Debug|Any CPU.Build.0 = Debug|Any CPU
		{9F7A7417-9513-4B0D-906E-806D1175DEAD}.Release|Any CPU.ActiveCfg = Release|Any CPU
		{9F7A7417-9513-4B0D-906E-806D1175DEAD}.Release|Any CPU.Build.0 = Release|Any CPU
	EndGlobalSection
	GlobalSection(SolutionProperties) = preSolution
		HideSolutionNode = FALSE
	EndGlobalSection
	GlobalSection(ExtensibilityGlobals) = postSolution
		SolutionGuid = {1CBE00D2-D876-4847-93CD-A09AF1E0AD0D}
	EndGlobalSection
EndGlobal
