
Microsoft Visual Studio Solution File, Format Version 12.00
# Visual Studio Version 17
VisualStudioVersion = 17.3.32929.385
MinimumVisualStudioVersion = 10.0.40219.1
Project("{FAE04EC0-301F-11D3-BF4B-00C04F79EFBC}") = "02EnterNumbers", "02EnterNumbers.csproj", "{D8EFBF4B-44E4-4EEA-BD19-08145CCCE3B0}"
EndProject
Global
	GlobalSection(SolutionConfigurationPlatforms) = preSolution
		Debug|Any CPU = Debug|Any CPU
		Release|Any CPU = Release|Any CPU
	EndGlobalSection
	GlobalSection(ProjectConfigurationPlatforms) = postSolution
		{D8EFBF4B-44E4-4EEA-BD19-08145CCCE3B0}.Debug|Any CPU.ActiveCfg = Debug|Any CPU
		{D8EFBF4B-44E4-4EEA-BD19-08145CCCE3B0}.Debug|Any CPU.Build.0 = Debug|Any CPU
		{D8EFBF4B-44E4-4EEA-BD19-08145CCCE3B0}.Release|Any CPU.ActiveCfg = Release|Any CPU
		{D8EFBF4B-44E4-4EEA-BD19-08145CCCE3B0}.Release|Any CPU.Build.0 = Release|Any CPU
	EndGlobalSection
	GlobalSection(SolutionProperties) = preSolution
		HideSolutionNode = FALSE
	EndGlobalSection
	GlobalSection(ExtensibilityGlobals) = postSolution
		SolutionGuid = {6A6E3197-1FD9-40DA-8D32-E7357FC26BA2}
	EndGlobalSection
EndGlobal
