
Microsoft Visual Studio Solution File, Format Version 12.00
# Visual Studio Version 17
VisualStudioVersion = 17.3.32929.385
MinimumVisualStudioVersion = 10.0.40219.1
Project("{FAE04EC0-301F-11D3-BF4B-00C04F79EFBC}") = "08. List Of Predicates", "08. List Of Predicates.csproj", "{BB91C971-5F5C-415C-9AE5-205CC7D9D813}"
EndProject
Global
	GlobalSection(SolutionConfigurationPlatforms) = preSolution
		Debug|Any CPU = Debug|Any CPU
		Release|Any CPU = Release|Any CPU
	EndGlobalSection
	GlobalSection(ProjectConfigurationPlatforms) = postSolution
		{BB91C971-5F5C-415C-9AE5-205CC7D9D813}.Debug|Any CPU.ActiveCfg = Debug|Any CPU
		{BB91C971-5F5C-415C-9AE5-205CC7D9D813}.Debug|Any CPU.Build.0 = Debug|Any CPU
		{BB91C971-5F5C-415C-9AE5-205CC7D9D813}.Release|Any CPU.ActiveCfg = Release|Any CPU
		{BB91C971-5F5C-415C-9AE5-205CC7D9D813}.Release|Any CPU.Build.0 = Release|Any CPU
	EndGlobalSection
	GlobalSection(SolutionProperties) = preSolution
		HideSolutionNode = FALSE
	EndGlobalSection
	GlobalSection(ExtensibilityGlobals) = postSolution
		SolutionGuid = {2834F6BD-47CF-49E1-B2AF-800437AC757D}
	EndGlobalSection
EndGlobal
