
Microsoft Visual Studio Solution File, Format Version 12.00
# Visual Studio Version 17
VisualStudioVersion = 17.3.32929.385
MinimumVisualStudioVersion = 10.0.40219.1
Project("{FAE04EC0-301F-11D3-BF4B-00C04F79EFBC}") = "01. Activation Keys", "01. Activation Keys.csproj", "{FCFA8C41-185D-4A6B-A1E0-D52E741A1349}"
EndProject
Global
	GlobalSection(SolutionConfigurationPlatforms) = preSolution
		Debug|Any CPU = Debug|Any CPU
		Release|Any CPU = Release|Any CPU
	EndGlobalSection
	GlobalSection(ProjectConfigurationPlatforms) = postSolution
		{FCFA8C41-185D-4A6B-A1E0-D52E741A1349}.Debug|Any CPU.ActiveCfg = Debug|Any CPU
		{FCFA8C41-185D-4A6B-A1E0-D52E741A1349}.Debug|Any CPU.Build.0 = Debug|Any CPU
		{FCFA8C41-185D-4A6B-A1E0-D52E741A1349}.Release|Any CPU.ActiveCfg = Release|Any CPU
		{FCFA8C41-185D-4A6B-A1E0-D52E741A1349}.Release|Any CPU.Build.0 = Release|Any CPU
	EndGlobalSection
	GlobalSection(SolutionProperties) = preSolution
		HideSolutionNode = FALSE
	EndGlobalSection
	GlobalSection(ExtensibilityGlobals) = postSolution
		SolutionGuid = {3E1F82BC-8FD8-49C5-A1BA-87A94131275B}
	EndGlobalSection
EndGlobal
