
Microsoft Visual Studio Solution File, Format Version 12.00
# Visual Studio Version 17
VisualStudioVersion = 17.3.32929.385
MinimumVisualStudioVersion = 10.0.40219.1
Project("{FAE04EC0-301F-11D3-BF4B-00C04F79EFBC}") = "02. Character Multiplier", "02. Character Multiplier.csproj", "{C3C37030-6C41-4572-AD6B-B0A561564AC6}"
EndProject
Global
	GlobalSection(SolutionConfigurationPlatforms) = preSolution
		Debug|Any CPU = Debug|Any CPU
		Release|Any CPU = Release|Any CPU
	EndGlobalSection
	GlobalSection(ProjectConfigurationPlatforms) = postSolution
		{C3C37030-6C41-4572-AD6B-B0A561564AC6}.Debug|Any CPU.ActiveCfg = Debug|Any CPU
		{C3C37030-6C41-4572-AD6B-B0A561564AC6}.Debug|Any CPU.Build.0 = Debug|Any CPU
		{C3C37030-6C41-4572-AD6B-B0A561564AC6}.Release|Any CPU.ActiveCfg = Release|Any CPU
		{C3C37030-6C41-4572-AD6B-B0A561564AC6}.Release|Any CPU.Build.0 = Release|Any CPU
	EndGlobalSection
	GlobalSection(SolutionProperties) = preSolution
		HideSolutionNode = FALSE
	EndGlobalSection
	GlobalSection(ExtensibilityGlobals) = postSolution
		SolutionGuid = {BE67579D-0AE1-4044-9EE7-949D2CDEC261}
	EndGlobalSection
EndGlobal
