
Microsoft Visual Studio Solution File, Format Version 12.00
# Visual Studio Version 17
VisualStudioVersion = 17.3.32929.385
MinimumVisualStudioVersion = 10.0.40219.1
Project("{FAE04EC0-301F-11D3-BF4B-00C04F79EFBC}") = "01. Guinea Pig", "01. Guinea Pig.csproj", "{FCBF1152-885A-41BE-A91D-7DF2988C8519}"
EndProject
Global
	GlobalSection(SolutionConfigurationPlatforms) = preSolution
		Debug|Any CPU = Debug|Any CPU
		Release|Any CPU = Release|Any CPU
	EndGlobalSection
	GlobalSection(ProjectConfigurationPlatforms) = postSolution
		{FCBF1152-885A-41BE-A91D-7DF2988C8519}.Debug|Any CPU.ActiveCfg = Debug|Any CPU
		{FCBF1152-885A-41BE-A91D-7DF2988C8519}.Debug|Any CPU.Build.0 = Debug|Any CPU
		{FCBF1152-885A-41BE-A91D-7DF2988C8519}.Release|Any CPU.ActiveCfg = Release|Any CPU
		{FCBF1152-885A-41BE-A91D-7DF2988C8519}.Release|Any CPU.Build.0 = Release|Any CPU
	EndGlobalSection
	GlobalSection(SolutionProperties) = preSolution
		HideSolutionNode = FALSE
	EndGlobalSection
	GlobalSection(ExtensibilityGlobals) = postSolution
		SolutionGuid = {5BCFFB09-2987-40DE-8CDC-20CF3F495433}
	EndGlobalSection
EndGlobal
