
Microsoft Visual Studio Solution File, Format Version 12.00
# Visual Studio Version 17
VisualStudioVersion = 17.3.32929.385
MinimumVisualStudioVersion = 10.0.40219.1
Project("{FAE04EC0-301F-11D3-BF4B-00C04F79EFBC}") = "02. Race(second try)", "02. Race(second try).csproj", "{C97575F0-04BC-42A5-8A0E-BAF9C245A782}"
EndProject
Global
	GlobalSection(SolutionConfigurationPlatforms) = preSolution
		Debug|Any CPU = Debug|Any CPU
		Release|Any CPU = Release|Any CPU
	EndGlobalSection
	GlobalSection(ProjectConfigurationPlatforms) = postSolution
		{C97575F0-04BC-42A5-8A0E-BAF9C245A782}.Debug|Any CPU.ActiveCfg = Debug|Any CPU
		{C97575F0-04BC-42A5-8A0E-BAF9C245A782}.Debug|Any CPU.Build.0 = Debug|Any CPU
		{C97575F0-04BC-42A5-8A0E-BAF9C245A782}.Release|Any CPU.ActiveCfg = Release|Any CPU
		{C97575F0-04BC-42A5-8A0E-BAF9C245A782}.Release|Any CPU.Build.0 = Release|Any CPU
	EndGlobalSection
	GlobalSection(SolutionProperties) = preSolution
		HideSolutionNode = FALSE
	EndGlobalSection
	GlobalSection(ExtensibilityGlobals) = postSolution
		SolutionGuid = {4A57FCCB-293F-48D8-84B7-F09B365F0FCA}
	EndGlobalSection
EndGlobal
