
Microsoft Visual Studio Solution File, Format Version 12.00
# Visual Studio Version 17
VisualStudioVersion = 17.3.32929.385
MinimumVisualStudioVersion = 10.0.40219.1
Project("{FAE04EC0-301F-11D3-BF4B-00C04F79EFBC}") = "04.OpinionPoll", "04.OpinionPoll.csproj", "{A2B75D91-A3B6-4BE2-B949-B88F42A793B6}"
EndProject
Global
	GlobalSection(SolutionConfigurationPlatforms) = preSolution
		Debug|Any CPU = Debug|Any CPU
		Release|Any CPU = Release|Any CPU
	EndGlobalSection
	GlobalSection(ProjectConfigurationPlatforms) = postSolution
		{A2B75D91-A3B6-4BE2-B949-B88F42A793B6}.Debug|Any CPU.ActiveCfg = Debug|Any CPU
		{A2B75D91-A3B6-4BE2-B949-B88F42A793B6}.Debug|Any CPU.Build.0 = Debug|Any CPU
		{A2B75D91-A3B6-4BE2-B949-B88F42A793B6}.Release|Any CPU.ActiveCfg = Release|Any CPU
		{A2B75D91-A3B6-4BE2-B949-B88F42A793B6}.Release|Any CPU.Build.0 = Release|Any CPU
	EndGlobalSection
	GlobalSection(SolutionProperties) = preSolution
		HideSolutionNode = FALSE
	EndGlobalSection
	GlobalSection(ExtensibilityGlobals) = postSolution
		SolutionGuid = {B502D381-1EA1-405F-8838-394BD45A6AD5}
	EndGlobalSection
EndGlobal
