
Microsoft Visual Studio Solution File, Format Version 12.00
# Visual Studio Version 17
VisualStudioVersion = 17.3.32929.385
MinimumVisualStudioVersion = 10.0.40219.1
Project("{FAE04EC0-301F-11D3-BF4B-00C04F79EFBC}") = "1. Diagonal Difference", "1. Diagonal Difference.csproj", "{F60DF3C1-B657-4CAD-8BA3-DD0A38F5CF6A}"
EndProject
Global
	GlobalSection(SolutionConfigurationPlatforms) = preSolution
		Debug|Any CPU = Debug|Any CPU
		Release|Any CPU = Release|Any CPU
	EndGlobalSection
	GlobalSection(ProjectConfigurationPlatforms) = postSolution
		{F60DF3C1-B657-4CAD-8BA3-DD0A38F5CF6A}.Debug|Any CPU.ActiveCfg = Debug|Any CPU
		{F60DF3C1-B657-4CAD-8BA3-DD0A38F5CF6A}.Debug|Any CPU.Build.0 = Debug|Any CPU
		{F60DF3C1-B657-4CAD-8BA3-DD0A38F5CF6A}.Release|Any CPU.ActiveCfg = Release|Any CPU
		{F60DF3C1-B657-4CAD-8BA3-DD0A38F5CF6A}.Release|Any CPU.Build.0 = Release|Any CPU
	EndGlobalSection
	GlobalSection(SolutionProperties) = preSolution
		HideSolutionNode = FALSE
	EndGlobalSection
	GlobalSection(ExtensibilityGlobals) = postSolution
		SolutionGuid = {6609C1AC-20EA-4010-AB9A-34DFCAFC7A79}
	EndGlobalSection
EndGlobal
