
Microsoft Visual Studio Solution File, Format Version 12.00
# Visual Studio Version 17
VisualStudioVersion = 17.3.32929.385
MinimumVisualStudioVersion = 10.0.40219.1
Project("{FAE04EC0-301F-11D3-BF4B-00C04F79EFBC}") = "01. Count Chars in a String", "01. Count Chars in a String.csproj", "{BA9BE0BF-10BB-4F91-8054-B14E5BB9FE93}"
EndProject
Global
	GlobalSection(SolutionConfigurationPlatforms) = preSolution
		Debug|Any CPU = Debug|Any CPU
		Release|Any CPU = Release|Any CPU
	EndGlobalSection
	GlobalSection(ProjectConfigurationPlatforms) = postSolution
		{BA9BE0BF-10BB-4F91-8054-B14E5BB9FE93}.Debug|Any CPU.ActiveCfg = Debug|Any CPU
		{BA9BE0BF-10BB-4F91-8054-B14E5BB9FE93}.Debug|Any CPU.Build.0 = Debug|Any CPU
		{BA9BE0BF-10BB-4F91-8054-B14E5BB9FE93}.Release|Any CPU.ActiveCfg = Release|Any CPU
		{BA9BE0BF-10BB-4F91-8054-B14E5BB9FE93}.Release|Any CPU.Build.0 = Release|Any CPU
	EndGlobalSection
	GlobalSection(SolutionProperties) = preSolution
		HideSolutionNode = FALSE
	EndGlobalSection
	GlobalSection(ExtensibilityGlobals) = postSolution
		SolutionGuid = {6508E4DB-A57B-409A-88A6-D3637F75C66E}
	EndGlobalSection
EndGlobal
