
Microsoft Visual Studio Solution File, Format Version 12.00
# Visual Studio Version 17
VisualStudioVersion = 17.3.32929.385
MinimumVisualStudioVersion = 10.0.40219.1
Project("{FAE04EC0-301F-11D3-BF4B-00C04F79EFBC}") = "04. Students", "04. Students.csproj", "{D9BFDC8A-5248-477A-A5C3-D3802E59BA74}"
EndProject
Global
	GlobalSection(SolutionConfigurationPlatforms) = preSolution
		Debug|Any CPU = Debug|Any CPU
		Release|Any CPU = Release|Any CPU
	EndGlobalSection
	GlobalSection(ProjectConfigurationPlatforms) = postSolution
		{D9BFDC8A-5248-477A-A5C3-D3802E59BA74}.Debug|Any CPU.ActiveCfg = Debug|Any CPU
		{D9BFDC8A-5248-477A-A5C3-D3802E59BA74}.Debug|Any CPU.Build.0 = Debug|Any CPU
		{D9BFDC8A-5248-477A-A5C3-D3802E59BA74}.Release|Any CPU.ActiveCfg = Release|Any CPU
		{D9BFDC8A-5248-477A-A5C3-D3802E59BA74}.Release|Any CPU.Build.0 = Release|Any CPU
	EndGlobalSection
	GlobalSection(SolutionProperties) = preSolution
		HideSolutionNode = FALSE
	EndGlobalSection
	GlobalSection(ExtensibilityGlobals) = postSolution
		SolutionGuid = {333789E1-316C-4B55-9310-66684DE5D9FF}
	EndGlobalSection
EndGlobal
