
Microsoft Visual Studio Solution File, Format Version 12.00
# Visual Studio Version 17
VisualStudioVersion = 17.3.32929.385
MinimumVisualStudioVersion = 10.0.40219.1
Project("{FAE04EC0-301F-11D3-BF4B-00C04F79EFBC}") = "01. Advertisement Message", "01. Advertisement Message.csproj", "{9E897421-9818-4A42-8162-62EB6F906B5A}"
EndProject
Global
	GlobalSection(SolutionConfigurationPlatforms) = preSolution
		Debug|Any CPU = Debug|Any CPU
		Release|Any CPU = Release|Any CPU
	EndGlobalSection
	GlobalSection(ProjectConfigurationPlatforms) = postSolution
		{9E897421-9818-4A42-8162-62EB6F906B5A}.Debug|Any CPU.ActiveCfg = Debug|Any CPU
		{9E897421-9818-4A42-8162-62EB6F906B5A}.Debug|Any CPU.Build.0 = Debug|Any CPU
		{9E897421-9818-4A42-8162-62EB6F906B5A}.Release|Any CPU.ActiveCfg = Release|Any CPU
		{9E897421-9818-4A42-8162-62EB6F906B5A}.Release|Any CPU.Build.0 = Release|Any CPU
	EndGlobalSection
	GlobalSection(SolutionProperties) = preSolution
		HideSolutionNode = FALSE
	EndGlobalSection
	GlobalSection(ExtensibilityGlobals) = postSolution
		SolutionGuid = {79331A6B-D55A-4795-8ECF-C7763899F29E}
	EndGlobalSection
EndGlobal
